// !$*UTF8*$!
{
	archiveVersion = 1;
	classes = {
	};
	objectVersion = 45;
	objects = {

/* Begin PBXBuildFile section */
		1D3623260D0F684500981E51 /* EngineAppDelegate.m in Sources */ = {isa = PBXBuildFile; fileRef = 1D3623250D0F684500981E51 /* EngineAppDelegate.m */; };
		1D60589B0D05DD56006BFB54 /* main.m in Sources */ = {isa = PBXBuildFile; fileRef = 29B97316FDCFA39411CA2CEA /* main.m */; };
		1D60589F0D05DD5A006BFB54 /* Foundation.framework in Frameworks */ = {isa = PBXBuildFile; fileRef = 1D30AB110D05D00D00671497 /* Foundation.framework */; };
		1DF5F4E00D08C38300B7A737 /* UIKit.framework in Frameworks */ = {isa = PBXBuildFile; fileRef = 1DF5F4DF0D08C38300B7A737 /* UIKit.framework */; };
		28AD733F0D9D9553002E5188 /* MainWindow.xib in Resources */ = {isa = PBXBuildFile; fileRef = 28AD733E0D9D9553002E5188 /* MainWindow.xib */; };
		28FD14FE0DC6FC130079059D /* EAGLView.m in Sources */ = {isa = PBXBuildFile; fileRef = 28FD14FD0DC6FC130079059D /* EAGLView.m */; };
		28FD15000DC6FC520079059D /* OpenGLES.framework in Frameworks */ = {isa = PBXBuildFile; fileRef = 28FD14FF0DC6FC520079059D /* OpenGLES.framework */; };
		28FD15080DC6FC5B0079059D /* QuartzCore.framework in Frameworks */ = {isa = PBXBuildFile; fileRef = 28FD15070DC6FC5B0079059D /* QuartzCore.framework */; };
		AC04DF7412EC57770019594D /* tileset.png in Resources */ = {isa = PBXBuildFile; fileRef = AC04DF7312EC57770019594D /* tileset.png */; };
		AC04E05612EC78180019594D /* PhysicBodyBase.mm in Sources */ = {isa = PBXBuildFile; fileRef = AC04E05512EC78180019594D /* PhysicBodyBase.mm */; };
		AC04E05912EC79060019594D /* SpriteBase.mm in Sources */ = {isa = PBXBuildFile; fileRef = AC04E05812EC79060019594D /* SpriteBase.mm */; };
		AC3AA27B12EA72C100255B5A /* b2BroadPhase.cpp in Sources */ = {isa = PBXBuildFile; fileRef = AC3AA22F12EA72C100255B5A /* b2BroadPhase.cpp */; };
		AC3AA27C12EA72C100255B5A /* b2CollideCircle.cpp in Sources */ = {isa = PBXBuildFile; fileRef = AC3AA23112EA72C100255B5A /* b2CollideCircle.cpp */; };
		AC3AA27D12EA72C100255B5A /* b2CollidePolygon.cpp in Sources */ = {isa = PBXBuildFile; fileRef = AC3AA23212EA72C100255B5A /* b2CollidePolygon.cpp */; };
		AC3AA27E12EA72C100255B5A /* b2Collision.cpp in Sources */ = {isa = PBXBuildFile; fileRef = AC3AA23312EA72C100255B5A /* b2Collision.cpp */; };
		AC3AA27F12EA72C100255B5A /* b2Distance.cpp in Sources */ = {isa = PBXBuildFile; fileRef = AC3AA23512EA72C100255B5A /* b2Distance.cpp */; };
		AC3AA28012EA72C100255B5A /* b2DynamicTree.cpp in Sources */ = {isa = PBXBuildFile; fileRef = AC3AA23712EA72C100255B5A /* b2DynamicTree.cpp */; };
		AC3AA28112EA72C100255B5A /* b2TimeOfImpact.cpp in Sources */ = {isa = PBXBuildFile; fileRef = AC3AA23912EA72C100255B5A /* b2TimeOfImpact.cpp */; };
		AC3AA28212EA72C100255B5A /* b2CircleShape.cpp in Sources */ = {isa = PBXBuildFile; fileRef = AC3AA23C12EA72C100255B5A /* b2CircleShape.cpp */; };
		AC3AA28312EA72C100255B5A /* b2PolygonShape.cpp in Sources */ = {isa = PBXBuildFile; fileRef = AC3AA23E12EA72C100255B5A /* b2PolygonShape.cpp */; };
		AC3AA28412EA72C100255B5A /* b2BlockAllocator.cpp in Sources */ = {isa = PBXBuildFile; fileRef = AC3AA24212EA72C100255B5A /* b2BlockAllocator.cpp */; };
		AC3AA28512EA72C100255B5A /* b2Math.cpp in Sources */ = {isa = PBXBuildFile; fileRef = AC3AA24412EA72C100255B5A /* b2Math.cpp */; };
		AC3AA28612EA72C100255B5A /* b2Settings.cpp in Sources */ = {isa = PBXBuildFile; fileRef = AC3AA24612EA72C100255B5A /* b2Settings.cpp */; };
		AC3AA28712EA72C100255B5A /* b2StackAllocator.cpp in Sources */ = {isa = PBXBuildFile; fileRef = AC3AA24812EA72C100255B5A /* b2StackAllocator.cpp */; };
		AC3AA28812EA72C100255B5A /* b2Body.cpp in Sources */ = {isa = PBXBuildFile; fileRef = AC3AA24B12EA72C100255B5A /* b2Body.cpp */; };
		AC3AA28912EA72C100255B5A /* b2ContactManager.cpp in Sources */ = {isa = PBXBuildFile; fileRef = AC3AA24D12EA72C100255B5A /* b2ContactManager.cpp */; };
		AC3AA28A12EA72C100255B5A /* b2Fixture.cpp in Sources */ = {isa = PBXBuildFile; fileRef = AC3AA24F12EA72C100255B5A /* b2Fixture.cpp */; };
		AC3AA28B12EA72C100255B5A /* b2Island.cpp in Sources */ = {isa = PBXBuildFile; fileRef = AC3AA25112EA72C100255B5A /* b2Island.cpp */; };
		AC3AA28C12EA72C100255B5A /* b2World.cpp in Sources */ = {isa = PBXBuildFile; fileRef = AC3AA25412EA72C100255B5A /* b2World.cpp */; };
		AC3AA28D12EA72C100255B5A /* b2WorldCallbacks.cpp in Sources */ = {isa = PBXBuildFile; fileRef = AC3AA25612EA72C100255B5A /* b2WorldCallbacks.cpp */; };
		AC3AA28E12EA72C100255B5A /* b2CircleContact.cpp in Sources */ = {isa = PBXBuildFile; fileRef = AC3AA25912EA72C100255B5A /* b2CircleContact.cpp */; };
		AC3AA28F12EA72C100255B5A /* b2Contact.cpp in Sources */ = {isa = PBXBuildFile; fileRef = AC3AA25B12EA72C100255B5A /* b2Contact.cpp */; };
		AC3AA29012EA72C100255B5A /* b2ContactSolver.cpp in Sources */ = {isa = PBXBuildFile; fileRef = AC3AA25D12EA72C100255B5A /* b2ContactSolver.cpp */; };
		AC3AA29112EA72C100255B5A /* b2PolygonAndCircleContact.cpp in Sources */ = {isa = PBXBuildFile; fileRef = AC3AA26012EA72C100255B5A /* b2PolygonAndCircleContact.cpp */; };
		AC3AA29212EA72C100255B5A /* b2PolygonContact.cpp in Sources */ = {isa = PBXBuildFile; fileRef = AC3AA26212EA72C100255B5A /* b2PolygonContact.cpp */; };
		AC3AA29312EA72C100255B5A /* b2TOISolver.cpp in Sources */ = {isa = PBXBuildFile; fileRef = AC3AA26412EA72C100255B5A /* b2TOISolver.cpp */; };
		AC3AA29412EA72C100255B5A /* b2DistanceJoint.cpp in Sources */ = {isa = PBXBuildFile; fileRef = AC3AA26712EA72C100255B5A /* b2DistanceJoint.cpp */; };
		AC3AA29512EA72C100255B5A /* b2FrictionJoint.cpp in Sources */ = {isa = PBXBuildFile; fileRef = AC3AA26912EA72C100255B5A /* b2FrictionJoint.cpp */; };
		AC3AA29612EA72C100255B5A /* b2GearJoint.cpp in Sources */ = {isa = PBXBuildFile; fileRef = AC3AA26B12EA72C100255B5A /* b2GearJoint.cpp */; };
		AC3AA29712EA72C100255B5A /* b2Joint.cpp in Sources */ = {isa = PBXBuildFile; fileRef = AC3AA26D12EA72C100255B5A /* b2Joint.cpp */; };
		AC3AA29812EA72C100255B5A /* b2LineJoint.cpp in Sources */ = {isa = PBXBuildFile; fileRef = AC3AA26F12EA72C100255B5A /* b2LineJoint.cpp */; };
		AC3AA29912EA72C100255B5A /* b2MouseJoint.cpp in Sources */ = {isa = PBXBuildFile; fileRef = AC3AA27112EA72C100255B5A /* b2MouseJoint.cpp */; };
		AC3AA29A12EA72C100255B5A /* b2PrismaticJoint.cpp in Sources */ = {isa = PBXBuildFile; fileRef = AC3AA27312EA72C100255B5A /* b2PrismaticJoint.cpp */; };
		AC3AA29B12EA72C100255B5A /* b2PulleyJoint.cpp in Sources */ = {isa = PBXBuildFile; fileRef = AC3AA27512EA72C100255B5A /* b2PulleyJoint.cpp */; };
		AC3AA29C12EA72C100255B5A /* b2RevoluteJoint.cpp in Sources */ = {isa = PBXBuildFile; fileRef = AC3AA27712EA72C100255B5A /* b2RevoluteJoint.cpp */; };
		AC3AA29D12EA72C100255B5A /* b2WeldJoint.cpp in Sources */ = {isa = PBXBuildFile; fileRef = AC3AA27912EA72C100255B5A /* b2WeldJoint.cpp */; };
		AC3AA42412EAF83200255B5A /* PhysicsWorld.mm in Sources */ = {isa = PBXBuildFile; fileRef = AC3AA42312EAF83200255B5A /* PhysicsWorld.mm */; };
		AC3AA68912EB5CA900255B5A /* mainmenu.png in Resources */ = {isa = PBXBuildFile; fileRef = AC3AA68812EB5CA900255B5A /* mainmenu.png */; };
		AC3AA73A12EB69C300255B5A /* BoxCollisionCallback.mm in Sources */ = {isa = PBXBuildFile; fileRef = AC3AA73912EB69C300255B5A /* BoxCollisionCallback.mm */; };
		AC40400C13338B7C00DE57C5 /* TiledSceneGame.mm in Sources */ = {isa = PBXBuildFile; fileRef = AC40400B13338B7C00DE57C5 /* TiledSceneGame.mm */; };
		AC4040C51333922E00DE57C5 /* Layer.m in Sources */ = {isa = PBXBuildFile; fileRef = AC4040C01333922E00DE57C5 /* Layer.m */; };
		AC4040C61333922E00DE57C5 /* TiledMap.m in Sources */ = {isa = PBXBuildFile; fileRef = AC4040C21333922E00DE57C5 /* TiledMap.m */; };
		AC4040C71333922E00DE57C5 /* TileSet.m in Sources */ = {isa = PBXBuildFile; fileRef = AC4040C41333922E00DE57C5 /* TileSet.m */; };
		AC4C698A1333F42B00B6DE44 /* desert_test2gzip.tmx in Resources */ = {isa = PBXBuildFile; fileRef = AC4C69891333F42B00B6DE44 /* desert_test2gzip.tmx */; };
		AC4DA01D1292ABF4002E566A /* NSDataAdditions.m in Sources */ = {isa = PBXBuildFile; fileRef = AC4DA01A1292ABF4002E566A /* NSDataAdditions.m */; };
		AC4DA01E1292ABF4002E566A /* TBXML.m in Sources */ = {isa = PBXBuildFile; fileRef = AC4DA01C1292ABF4002E566A /* TBXML.m */; };
		AC4DA04F1292AE89002E566A /* menuEN.xml in Resources */ = {isa = PBXBuildFile; fileRef = AC4DA04D1292AE89002E566A /* menuEN.xml */; };
		AC4DA0501292AE89002E566A /* menuES.xml in Resources */ = {isa = PBXBuildFile; fileRef = AC4DA04E1292AE89002E566A /* menuES.xml */; };
		AC4DA0781292AEFE002E566A /* libz.dylib in Frameworks */ = {isa = PBXBuildFile; fileRef = AC4DA0771292AEFE002E566A /* libz.dylib */; };
		AC59285C132C16B5005515F4 /* GLES-Render.mm in Sources */ = {isa = PBXBuildFile; fileRef = AC59285B132C16B5005515F4 /* GLES-Render.mm */; };
		AC5937EE13311BDD005515F4 /* tmw_desert_spacing.png in Resources */ = {isa = PBXBuildFile; fileRef = AC5937ED13311BDD005515F4 /* tmw_desert_spacing.png */; };
		AC91229E113E6090009B7C27 /* Camera.m in Sources */ = {isa = PBXBuildFile; fileRef = AC912277113E6090009B7C27 /* Camera.m */; };
		AC91229F113E6090009B7C27 /* BaseActor.mm in Sources */ = {isa = PBXBuildFile; fileRef = AC91227A113E6090009B7C27 /* BaseActor.mm */; };
		AC9122A0113E6090009B7C27 /* Animations.m in Sources */ = {isa = PBXBuildFile; fileRef = AC91227C113E6090009B7C27 /* Animations.m */; };
		AC9122A1113E6090009B7C27 /* Fonts.m in Sources */ = {isa = PBXBuildFile; fileRef = AC91227F113E6090009B7C27 /* Fonts.m */; };
		AC9122A2113E6090009B7C27 /* InputManager.m in Sources */ = {isa = PBXBuildFile; fileRef = AC912282113E6090009B7C27 /* InputManager.m */; };
		AC9122A3113E6090009B7C27 /* InputState.m in Sources */ = {isa = PBXBuildFile; fileRef = AC912284113E6090009B7C27 /* InputState.m */; };
		AC9122A5113E6090009B7C27 /* MyOpenALSupport.c in Sources */ = {isa = PBXBuildFile; fileRef = AC912289113E6090009B7C27 /* MyOpenALSupport.c */; };
		AC9122A6113E6090009B7C27 /* SoundManager.m in Sources */ = {isa = PBXBuildFile; fileRef = AC91228C113E6090009B7C27 /* SoundManager.m */; };
		AC9122A7113E6090009B7C27 /* GameTextureBound.m in Sources */ = {isa = PBXBuildFile; fileRef = AC91228F113E6090009B7C27 /* GameTextureBound.m */; };
		AC9122A8113E6090009B7C27 /* LenguageManager.m in Sources */ = {isa = PBXBuildFile; fileRef = AC912291113E6090009B7C27 /* LenguageManager.m */; };
		AC9122A9113E6090009B7C27 /* StateManager.mm in Sources */ = {isa = PBXBuildFile; fileRef = AC912293113E6090009B7C27 /* StateManager.mm */; };
		AC9122AA113E6090009B7C27 /* Image.m in Sources */ = {isa = PBXBuildFile; fileRef = AC912298113E6090009B7C27 /* Image.m */; };
		AC9122AB113E6090009B7C27 /* Texture2D.m in Sources */ = {isa = PBXBuildFile; fileRef = AC91229A113E6090009B7C27 /* Texture2D.m */; };
		AC9122C5113E627C009B7C27 /* MainGameScreen.mm in Sources */ = {isa = PBXBuildFile; fileRef = AC9122C0113E627C009B7C27 /* MainGameScreen.mm */; };
		AC9122C6113E627C009B7C27 /* MenuScreen.mm in Sources */ = {isa = PBXBuildFile; fileRef = AC9122C2113E627C009B7C27 /* MenuScreen.mm */; };
		AC9122DD113E630E009B7C27 /* AVFoundation.framework in Frameworks */ = {isa = PBXBuildFile; fileRef = AC9122DC113E630E009B7C27 /* AVFoundation.framework */; };
		AC9122DF113E630E009B7C27 /* OpenAL.framework in Frameworks */ = {isa = PBXBuildFile; fileRef = AC9122DE113E630E009B7C27 /* OpenAL.framework */; };
		AC9122E8113E631C009B7C27 /* AudioToolbox.framework in Frameworks */ = {isa = PBXBuildFile; fileRef = AC9122E7113E631C009B7C27 /* AudioToolbox.framework */; };
		ACAB563D113C5F2C001ACAAE /* CoreGraphics.framework in Frameworks */ = {isa = PBXBuildFile; fileRef = ACAB563C113C5F2C001ACAAE /* CoreGraphics.framework */; };
		ACB31B8712E458F400B83C1D /* spritesheet.png in Resources */ = {isa = PBXBuildFile; fileRef = ACB31B8612E458F400B83C1D /* spritesheet.png */; };
		ACB3260912E5B1A900B83C1D /* PlayerShip.mm in Sources */ = {isa = PBXBuildFile; fileRef = ACB3260712E5B1A900B83C1D /* PlayerShip.mm */; };
		ACB327C312E5EA9300B83C1D /* TBXMLParticleAdditions.m in Sources */ = {isa = PBXBuildFile; fileRef = ACB327C012E5EA9300B83C1D /* TBXMLParticleAdditions.m */; };
		ACB327C412E5EA9300B83C1D /* ParticleEmitter.m in Sources */ = {isa = PBXBuildFile; fileRef = ACB327C212E5EA9300B83C1D /* ParticleEmitter.m */; };
		ACB32C3812E6303900B83C1D /* explosion.png in Resources */ = {isa = PBXBuildFile; fileRef = ACB32C3712E6303900B83C1D /* explosion.png */; };
		ACB905711294A6F800AC35AF /* TileMaps_Mappy.mm in Sources */ = {isa = PBXBuildFile; fileRef = ACB905701294A6F800AC35AF /* TileMaps_Mappy.mm */; };
		ACC1161A113ED01500CC7DF1 /* Blank.png in Resources */ = {isa = PBXBuildFile; fileRef = ACC11619113ED01500CC7DF1 /* Blank.png */; };
		ACC11626113ED08F00CC7DF1 /* Default.png in Resources */ = {isa = PBXBuildFile; fileRef = ACC11625113ED08F00CC7DF1 /* Default.png */; };
		ACC11628113ED09F00CC7DF1 /* Icon.png in Resources */ = {isa = PBXBuildFile; fileRef = ACC11627113ED09F00CC7DF1 /* Icon.png */; };
		ACC116AB113EE26A00CC7DF1 /* Widgets.mm in Sources */ = {isa = PBXBuildFile; fileRef = ACC116AA113EE26A00CC7DF1 /* Widgets.mm */; };
		ACC779CB13168E2F00920347 /* MainWindow@2x.xib in Resources */ = {isa = PBXBuildFile; fileRef = ACC779CA13168E2F00920347 /* MainWindow@2x.xib */; };
		ACCA6E42131D7133004E1028 /* JoystickManager.m in Sources */ = {isa = PBXBuildFile; fileRef = ACCA6E41131D7133004E1028 /* JoystickManager.m */; };
		ACD7BDFC12EDE27D00C69963 /* MainGameWithoutPhysics.mm in Sources */ = {isa = PBXBuildFile; fileRef = ACD7BDFB12EDE27D00C69963 /* MainGameWithoutPhysics.mm */; };
		ACD7BEE912EDEDC400C69963 /* gunexported.fnt in Resources */ = {isa = PBXBuildFile; fileRef = ACD7BEDE12EDEDC400C69963 /* gunexported.fnt */; };
		ACD7BEEA12EDEDC400C69963 /* Level.xml in Resources */ = {isa = PBXBuildFile; fileRef = ACD7BEDF12EDEDC400C69963 /* Level.xml */; };
		ACD7BEEB12EDEDC400C69963 /* LevelScroll.xml in Resources */ = {isa = PBXBuildFile; fileRef = ACD7BEE112EDEDC400C69963 /* LevelScroll.xml */; };
		ACD7BEED12EDEDC400C69963 /* PlayershipConfig.xml in Resources */ = {isa = PBXBuildFile; fileRef = ACD7BEE312EDEDC400C69963 /* PlayershipConfig.xml */; };
		ACD7BEEE12EDEDC400C69963 /* PlayershipConfig2.xml in Resources */ = {isa = PBXBuildFile; fileRef = ACD7BEE412EDEDC400C69963 /* PlayershipConfig2.xml */; };
		ACD7BEF012EDEDC400C69963 /* TrailEffect.pex in Resources */ = {isa = PBXBuildFile; fileRef = ACD7BEE612EDEDC400C69963 /* TrailEffect.pex */; };
		ACD7BF0612EDEE1300C69963 /* platform_layer0.CSV in Resources */ = {isa = PBXBuildFile; fileRef = ACD7BF0412EDEE1300C69963 /* platform_layer0.CSV */; };
		ACD7BF0712EDEE1300C69963 /* spacemap_layer0.CSV in Resources */ = {isa = PBXBuildFile; fileRef = ACD7BF0512EDEE1300C69963 /* spacemap_layer0.CSV */; };
		ACD7BF3A12EDEE7F00C69963 /* gameEN.xml in Resources */ = {isa = PBXBuildFile; fileRef = ACD7BF3812EDEE7F00C69963 /* gameEN.xml */; };
		ACD7BF3B12EDEE7F00C69963 /* gameES.xml in Resources */ = {isa = PBXBuildFile; fileRef = ACD7BF3912EDEE7F00C69963 /* gameES.xml */; };
/* End PBXBuildFile section */

/* Begin PBXFileReference section */
		1D30AB110D05D00D00671497 /* Foundation.framework */ = {isa = PBXFileReference; lastKnownFileType = wrapper.framework; name = Foundation.framework; path = System/Library/Frameworks/Foundation.framework; sourceTree = SDKROOT; };
		1D3623240D0F684500981E51 /* EngineAppDelegate.h */ = {isa = PBXFileReference; fileEncoding = 4; lastKnownFileType = sourcecode.c.h; path = EngineAppDelegate.h; sourceTree = "<group>"; };
		1D3623250D0F684500981E51 /* EngineAppDelegate.m */ = {isa = PBXFileReference; fileEncoding = 4; lastKnownFileType = sourcecode.c.objc; path = EngineAppDelegate.m; sourceTree = "<group>"; };
		1D6058910D05DD3D006BFB54 /* Engine2D.app */ = {isa = PBXFileReference; explicitFileType = wrapper.application; includeInIndex = 0; path = Engine2D.app; sourceTree = BUILT_PRODUCTS_DIR; };
		1DF5F4DF0D08C38300B7A737 /* UIKit.framework */ = {isa = PBXFileReference; lastKnownFileType = wrapper.framework; name = UIKit.framework; path = System/Library/Frameworks/UIKit.framework; sourceTree = SDKROOT; };
		28AD733E0D9D9553002E5188 /* MainWindow.xib */ = {isa = PBXFileReference; lastKnownFileType = file.xib; path = MainWindow.xib; sourceTree = "<group>"; };
		28FD14FC0DC6FC130079059D /* EAGLView.h */ = {isa = PBXFileReference; fileEncoding = 4; lastKnownFileType = sourcecode.c.h; path = EAGLView.h; sourceTree = "<group>"; };
		28FD14FD0DC6FC130079059D /* EAGLView.m */ = {isa = PBXFileReference; fileEncoding = 4; lastKnownFileType = sourcecode.c.objc; path = EAGLView.m; sourceTree = "<group>"; };
		28FD14FF0DC6FC520079059D /* OpenGLES.framework */ = {isa = PBXFileReference; lastKnownFileType = wrapper.framework; name = OpenGLES.framework; path = System/Library/Frameworks/OpenGLES.framework; sourceTree = SDKROOT; };
		28FD15070DC6FC5B0079059D /* QuartzCore.framework */ = {isa = PBXFileReference; lastKnownFileType = wrapper.framework; name = QuartzCore.framework; path = System/Library/Frameworks/QuartzCore.framework; sourceTree = SDKROOT; };
		29B97316FDCFA39411CA2CEA /* main.m */ = {isa = PBXFileReference; fileEncoding = 4; lastKnownFileType = sourcecode.c.objc; path = main.m; sourceTree = "<group>"; };
		32CA4F630368D1EE00C91783 /* Engine2D_Prefix.pch */ = {isa = PBXFileReference; fileEncoding = 4; lastKnownFileType = sourcecode.c.h; path = Engine2D_Prefix.pch; sourceTree = "<group>"; };
		8D1107310486CEB800E47090 /* Engine2D-Info.plist */ = {isa = PBXFileReference; fileEncoding = 4; lastKnownFileType = text.plist.xml; path = "Engine2D-Info.plist"; plistStructureDefinitionIdentifier = "com.apple.xcode.plist.structure-definition.iphone.info-plist"; sourceTree = "<group>"; };
		AC04DF7312EC57770019594D /* tileset.png */ = {isa = PBXFileReference; lastKnownFileType = image.png; path = tileset.png; sourceTree = "<group>"; };
		AC04E05412EC78180019594D /* PhysicBodyBase.h */ = {isa = PBXFileReference; fileEncoding = 4; lastKnownFileType = sourcecode.c.h; path = PhysicBodyBase.h; sourceTree = "<group>"; };
		AC04E05512EC78180019594D /* PhysicBodyBase.mm */ = {isa = PBXFileReference; fileEncoding = 4; lastKnownFileType = sourcecode.cpp.objcpp; path = PhysicBodyBase.mm; sourceTree = "<group>"; };
		AC04E05712EC79060019594D /* SpriteBase.h */ = {isa = PBXFileReference; fileEncoding = 4; lastKnownFileType = sourcecode.c.h; path = SpriteBase.h; sourceTree = "<group>"; };
		AC04E05812EC79060019594D /* SpriteBase.mm */ = {isa = PBXFileReference; fileEncoding = 4; lastKnownFileType = sourcecode.cpp.objcpp; path = SpriteBase.mm; sourceTree = "<group>"; };
		AC3AA22D12EA72C100255B5A /* Box2D.h */ = {isa = PBXFileReference; fileEncoding = 4; lastKnownFileType = sourcecode.c.h; path = Box2D.h; sourceTree = "<group>"; };
		AC3AA22F12EA72C100255B5A /* b2BroadPhase.cpp */ = {isa = PBXFileReference; fileEncoding = 4; lastKnownFileType = sourcecode.cpp.cpp; path = b2BroadPhase.cpp; sourceTree = "<group>"; };
		AC3AA23012EA72C100255B5A /* b2BroadPhase.h */ = {isa = PBXFileReference; fileEncoding = 4; lastKnownFileType = sourcecode.c.h; path = b2BroadPhase.h; sourceTree = "<group>"; };
		AC3AA23112EA72C100255B5A /* b2CollideCircle.cpp */ = {isa = PBXFileReference; fileEncoding = 4; lastKnownFileType = sourcecode.cpp.cpp; path = b2CollideCircle.cpp; sourceTree = "<group>"; };
		AC3AA23212EA72C100255B5A /* b2CollidePolygon.cpp */ = {isa = PBXFileReference; fileEncoding = 4; lastKnownFileType = sourcecode.cpp.cpp; path = b2CollidePolygon.cpp; sourceTree = "<group>"; };
		AC3AA23312EA72C100255B5A /* b2Collision.cpp */ = {isa = PBXFileReference; fileEncoding = 4; lastKnownFileType = sourcecode.cpp.cpp; path = b2Collision.cpp; sourceTree = "<group>"; };
		AC3AA23412EA72C100255B5A /* b2Collision.h */ = {isa = PBXFileReference; fileEncoding = 4; lastKnownFileType = sourcecode.c.h; path = b2Collision.h; sourceTree = "<group>"; };
		AC3AA23512EA72C100255B5A /* b2Distance.cpp */ = {isa = PBXFileReference; fileEncoding = 4; lastKnownFileType = sourcecode.cpp.cpp; path = b2Distance.cpp; sourceTree = "<group>"; };
		AC3AA23612EA72C100255B5A /* b2Distance.h */ = {isa = PBXFileReference; fileEncoding = 4; lastKnownFileType = sourcecode.c.h; path = b2Distance.h; sourceTree = "<group>"; };
		AC3AA23712EA72C100255B5A /* b2DynamicTree.cpp */ = {isa = PBXFileReference; fileEncoding = 4; lastKnownFileType = sourcecode.cpp.cpp; path = b2DynamicTree.cpp; sourceTree = "<group>"; };
		AC3AA23812EA72C100255B5A /* b2DynamicTree.h */ = {isa = PBXFileReference; fileEncoding = 4; lastKnownFileType = sourcecode.c.h; path = b2DynamicTree.h; sourceTree = "<group>"; };
		AC3AA23912EA72C100255B5A /* b2TimeOfImpact.cpp */ = {isa = PBXFileReference; fileEncoding = 4; lastKnownFileType = sourcecode.cpp.cpp; path = b2TimeOfImpact.cpp; sourceTree = "<group>"; };
		AC3AA23A12EA72C100255B5A /* b2TimeOfImpact.h */ = {isa = PBXFileReference; fileEncoding = 4; lastKnownFileType = sourcecode.c.h; path = b2TimeOfImpact.h; sourceTree = "<group>"; };
		AC3AA23C12EA72C100255B5A /* b2CircleShape.cpp */ = {isa = PBXFileReference; fileEncoding = 4; lastKnownFileType = sourcecode.cpp.cpp; path = b2CircleShape.cpp; sourceTree = "<group>"; };
		AC3AA23D12EA72C100255B5A /* b2CircleShape.h */ = {isa = PBXFileReference; fileEncoding = 4; lastKnownFileType = sourcecode.c.h; path = b2CircleShape.h; sourceTree = "<group>"; };
		AC3AA23E12EA72C100255B5A /* b2PolygonShape.cpp */ = {isa = PBXFileReference; fileEncoding = 4; lastKnownFileType = sourcecode.cpp.cpp; path = b2PolygonShape.cpp; sourceTree = "<group>"; };
		AC3AA23F12EA72C100255B5A /* b2PolygonShape.h */ = {isa = PBXFileReference; fileEncoding = 4; lastKnownFileType = sourcecode.c.h; path = b2PolygonShape.h; sourceTree = "<group>"; };
		AC3AA24012EA72C100255B5A /* b2Shape.h */ = {isa = PBXFileReference; fileEncoding = 4; lastKnownFileType = sourcecode.c.h; path = b2Shape.h; sourceTree = "<group>"; };
		AC3AA24212EA72C100255B5A /* b2BlockAllocator.cpp */ = {isa = PBXFileReference; fileEncoding = 4; lastKnownFileType = sourcecode.cpp.cpp; path = b2BlockAllocator.cpp; sourceTree = "<group>"; };
		AC3AA24312EA72C100255B5A /* b2BlockAllocator.h */ = {isa = PBXFileReference; fileEncoding = 4; lastKnownFileType = sourcecode.c.h; path = b2BlockAllocator.h; sourceTree = "<group>"; };
		AC3AA24412EA72C100255B5A /* b2Math.cpp */ = {isa = PBXFileReference; fileEncoding = 4; lastKnownFileType = sourcecode.cpp.cpp; path = b2Math.cpp; sourceTree = "<group>"; };
		AC3AA24512EA72C100255B5A /* b2Math.h */ = {isa = PBXFileReference; fileEncoding = 4; lastKnownFileType = sourcecode.c.h; path = b2Math.h; sourceTree = "<group>"; };
		AC3AA24612EA72C100255B5A /* b2Settings.cpp */ = {isa = PBXFileReference; fileEncoding = 4; lastKnownFileType = sourcecode.cpp.cpp; path = b2Settings.cpp; sourceTree = "<group>"; };
		AC3AA24712EA72C100255B5A /* b2Settings.h */ = {isa = PBXFileReference; fileEncoding = 4; lastKnownFileType = sourcecode.c.h; path = b2Settings.h; sourceTree = "<group>"; };
		AC3AA24812EA72C100255B5A /* b2StackAllocator.cpp */ = {isa = PBXFileReference; fileEncoding = 4; lastKnownFileType = sourcecode.cpp.cpp; path = b2StackAllocator.cpp; sourceTree = "<group>"; };
		AC3AA24912EA72C100255B5A /* b2StackAllocator.h */ = {isa = PBXFileReference; fileEncoding = 4; lastKnownFileType = sourcecode.c.h; path = b2StackAllocator.h; sourceTree = "<group>"; };
		AC3AA24B12EA72C100255B5A /* b2Body.cpp */ = {isa = PBXFileReference; fileEncoding = 4; lastKnownFileType = sourcecode.cpp.cpp; path = b2Body.cpp; sourceTree = "<group>"; };
		AC3AA24C12EA72C100255B5A /* b2Body.h */ = {isa = PBXFileReference; fileEncoding = 4; lastKnownFileType = sourcecode.c.h; path = b2Body.h; sourceTree = "<group>"; };
		AC3AA24D12EA72C100255B5A /* b2ContactManager.cpp */ = {isa = PBXFileReference; fileEncoding = 4; lastKnownFileType = sourcecode.cpp.cpp; path = b2ContactManager.cpp; sourceTree = "<group>"; };
		AC3AA24E12EA72C100255B5A /* b2ContactManager.h */ = {isa = PBXFileReference; fileEncoding = 4; lastKnownFileType = sourcecode.c.h; path = b2ContactManager.h; sourceTree = "<group>"; };
		AC3AA24F12EA72C100255B5A /* b2Fixture.cpp */ = {isa = PBXFileReference; fileEncoding = 4; lastKnownFileType = sourcecode.cpp.cpp; path = b2Fixture.cpp; sourceTree = "<group>"; };
		AC3AA25012EA72C100255B5A /* b2Fixture.h */ = {isa = PBXFileReference; fileEncoding = 4; lastKnownFileType = sourcecode.c.h; path = b2Fixture.h; sourceTree = "<group>"; };
		AC3AA25112EA72C100255B5A /* b2Island.cpp */ = {isa = PBXFileReference; fileEncoding = 4; lastKnownFileType = sourcecode.cpp.cpp; path = b2Island.cpp; sourceTree = "<group>"; };
		AC3AA25212EA72C100255B5A /* b2Island.h */ = {isa = PBXFileReference; fileEncoding = 4; lastKnownFileType = sourcecode.c.h; path = b2Island.h; sourceTree = "<group>"; };
		AC3AA25312EA72C100255B5A /* b2TimeStep.h */ = {isa = PBXFileReference; fileEncoding = 4; lastKnownFileType = sourcecode.c.h; path = b2TimeStep.h; sourceTree = "<group>"; };
		AC3AA25412EA72C100255B5A /* b2World.cpp */ = {isa = PBXFileReference; fileEncoding = 4; lastKnownFileType = sourcecode.cpp.cpp; path = b2World.cpp; sourceTree = "<group>"; };
		AC3AA25512EA72C100255B5A /* b2World.h */ = {isa = PBXFileReference; fileEncoding = 4; lastKnownFileType = sourcecode.c.h; path = b2World.h; sourceTree = "<group>"; };
		AC3AA25612EA72C100255B5A /* b2WorldCallbacks.cpp */ = {isa = PBXFileReference; fileEncoding = 4; lastKnownFileType = sourcecode.cpp.cpp; path = b2WorldCallbacks.cpp; sourceTree = "<group>"; };
		AC3AA25712EA72C100255B5A /* b2WorldCallbacks.h */ = {isa = PBXFileReference; fileEncoding = 4; lastKnownFileType = sourcecode.c.h; path = b2WorldCallbacks.h; sourceTree = "<group>"; };
		AC3AA25912EA72C100255B5A /* b2CircleContact.cpp */ = {isa = PBXFileReference; fileEncoding = 4; lastKnownFileType = sourcecode.cpp.cpp; path = b2CircleContact.cpp; sourceTree = "<group>"; };
		AC3AA25A12EA72C100255B5A /* b2CircleContact.h */ = {isa = PBXFileReference; fileEncoding = 4; lastKnownFileType = sourcecode.c.h; path = b2CircleContact.h; sourceTree = "<group>"; };
		AC3AA25B12EA72C100255B5A /* b2Contact.cpp */ = {isa = PBXFileReference; fileEncoding = 4; lastKnownFileType = sourcecode.cpp.cpp; path = b2Contact.cpp; sourceTree = "<group>"; };
		AC3AA25C12EA72C100255B5A /* b2Contact.h */ = {isa = PBXFileReference; fileEncoding = 4; lastKnownFileType = sourcecode.c.h; path = b2Contact.h; sourceTree = "<group>"; };
		AC3AA25D12EA72C100255B5A /* b2ContactSolver.cpp */ = {isa = PBXFileReference; fileEncoding = 4; lastKnownFileType = sourcecode.cpp.cpp; path = b2ContactSolver.cpp; sourceTree = "<group>"; };
		AC3AA25E12EA72C100255B5A /* b2ContactSolver.h */ = {isa = PBXFileReference; fileEncoding = 4; lastKnownFileType = sourcecode.c.h; path = b2ContactSolver.h; sourceTree = "<group>"; };
		AC3AA25F12EA72C100255B5A /* b2NullContact.h */ = {isa = PBXFileReference; fileEncoding = 4; lastKnownFileType = sourcecode.c.h; path = b2NullContact.h; sourceTree = "<group>"; };
		AC3AA26012EA72C100255B5A /* b2PolygonAndCircleContact.cpp */ = {isa = PBXFileReference; fileEncoding = 4; lastKnownFileType = sourcecode.cpp.cpp; path = b2PolygonAndCircleContact.cpp; sourceTree = "<group>"; };
		AC3AA26112EA72C100255B5A /* b2PolygonAndCircleContact.h */ = {isa = PBXFileReference; fileEncoding = 4; lastKnownFileType = sourcecode.c.h; path = b2PolygonAndCircleContact.h; sourceTree = "<group>"; };
		AC3AA26212EA72C100255B5A /* b2PolygonContact.cpp */ = {isa = PBXFileReference; fileEncoding = 4; lastKnownFileType = sourcecode.cpp.cpp; path = b2PolygonContact.cpp; sourceTree = "<group>"; };
		AC3AA26312EA72C100255B5A /* b2PolygonContact.h */ = {isa = PBXFileReference; fileEncoding = 4; lastKnownFileType = sourcecode.c.h; path = b2PolygonContact.h; sourceTree = "<group>"; };
		AC3AA26412EA72C100255B5A /* b2TOISolver.cpp */ = {isa = PBXFileReference; fileEncoding = 4; lastKnownFileType = sourcecode.cpp.cpp; path = b2TOISolver.cpp; sourceTree = "<group>"; };
		AC3AA26512EA72C100255B5A /* b2TOISolver.h */ = {isa = PBXFileReference; fileEncoding = 4; lastKnownFileType = sourcecode.c.h; path = b2TOISolver.h; sourceTree = "<group>"; };
		AC3AA26712EA72C100255B5A /* b2DistanceJoint.cpp */ = {isa = PBXFileReference; fileEncoding = 4; lastKnownFileType = sourcecode.cpp.cpp; path = b2DistanceJoint.cpp; sourceTree = "<group>"; };
		AC3AA26812EA72C100255B5A /* b2DistanceJoint.h */ = {isa = PBXFileReference; fileEncoding = 4; lastKnownFileType = sourcecode.c.h; path = b2DistanceJoint.h; sourceTree = "<group>"; };
		AC3AA26912EA72C100255B5A /* b2FrictionJoint.cpp */ = {isa = PBXFileReference; fileEncoding = 4; lastKnownFileType = sourcecode.cpp.cpp; path = b2FrictionJoint.cpp; sourceTree = "<group>"; };
		AC3AA26A12EA72C100255B5A /* b2FrictionJoint.h */ = {isa = PBXFileReference; fileEncoding = 4; lastKnownFileType = sourcecode.c.h; path = b2FrictionJoint.h; sourceTree = "<group>"; };
		AC3AA26B12EA72C100255B5A /* b2GearJoint.cpp */ = {isa = PBXFileReference; fileEncoding = 4; lastKnownFileType = sourcecode.cpp.cpp; path = b2GearJoint.cpp; sourceTree = "<group>"; };
		AC3AA26C12EA72C100255B5A /* b2GearJoint.h */ = {isa = PBXFileReference; fileEncoding = 4; lastKnownFileType = sourcecode.c.h; path = b2GearJoint.h; sourceTree = "<group>"; };
		AC3AA26D12EA72C100255B5A /* b2Joint.cpp */ = {isa = PBXFileReference; fileEncoding = 4; lastKnownFileType = sourcecode.cpp.cpp; path = b2Joint.cpp; sourceTree = "<group>"; };
		AC3AA26E12EA72C100255B5A /* b2Joint.h */ = {isa = PBXFileReference; fileEncoding = 4; lastKnownFileType = sourcecode.c.h; path = b2Joint.h; sourceTree = "<group>"; };
		AC3AA26F12EA72C100255B5A /* b2LineJoint.cpp */ = {isa = PBXFileReference; fileEncoding = 4; lastKnownFileType = sourcecode.cpp.cpp; path = b2LineJoint.cpp; sourceTree = "<group>"; };
		AC3AA27012EA72C100255B5A /* b2LineJoint.h */ = {isa = PBXFileReference; fileEncoding = 4; lastKnownFileType = sourcecode.c.h; path = b2LineJoint.h; sourceTree = "<group>"; };
		AC3AA27112EA72C100255B5A /* b2MouseJoint.cpp */ = {isa = PBXFileReference; fileEncoding = 4; lastKnownFileType = sourcecode.cpp.cpp; path = b2MouseJoint.cpp; sourceTree = "<group>"; };
		AC3AA27212EA72C100255B5A /* b2MouseJoint.h */ = {isa = PBXFileReference; fileEncoding = 4; lastKnownFileType = sourcecode.c.h; path = b2MouseJoint.h; sourceTree = "<group>"; };
		AC3AA27312EA72C100255B5A /* b2PrismaticJoint.cpp */ = {isa = PBXFileReference; fileEncoding = 4; lastKnownFileType = sourcecode.cpp.cpp; path = b2PrismaticJoint.cpp; sourceTree = "<group>"; };
		AC3AA27412EA72C100255B5A /* b2PrismaticJoint.h */ = {isa = PBXFileReference; fileEncoding = 4; lastKnownFileType = sourcecode.c.h; path = b2PrismaticJoint.h; sourceTree = "<group>"; };
		AC3AA27512EA72C100255B5A /* b2PulleyJoint.cpp */ = {isa = PBXFileReference; fileEncoding = 4; lastKnownFileType = sourcecode.cpp.cpp; path = b2PulleyJoint.cpp; sourceTree = "<group>"; };
		AC3AA27612EA72C100255B5A /* b2PulleyJoint.h */ = {isa = PBXFileReference; fileEncoding = 4; lastKnownFileType = sourcecode.c.h; path = b2PulleyJoint.h; sourceTree = "<group>"; };
		AC3AA27712EA72C100255B5A /* b2RevoluteJoint.cpp */ = {isa = PBXFileReference; fileEncoding = 4; lastKnownFileType = sourcecode.cpp.cpp; path = b2RevoluteJoint.cpp; sourceTree = "<group>"; };
		AC3AA27812EA72C100255B5A /* b2RevoluteJoint.h */ = {isa = PBXFileReference; fileEncoding = 4; lastKnownFileType = sourcecode.c.h; path = b2RevoluteJoint.h; sourceTree = "<group>"; };
		AC3AA27912EA72C100255B5A /* b2WeldJoint.cpp */ = {isa = PBXFileReference; fileEncoding = 4; lastKnownFileType = sourcecode.cpp.cpp; path = b2WeldJoint.cpp; sourceTree = "<group>"; };
		AC3AA27A12EA72C100255B5A /* b2WeldJoint.h */ = {isa = PBXFileReference; fileEncoding = 4; lastKnownFileType = sourcecode.c.h; path = b2WeldJoint.h; sourceTree = "<group>"; };
		AC3AA42212EAF83200255B5A /* PhysicsWorld.h */ = {isa = PBXFileReference; fileEncoding = 4; lastKnownFileType = sourcecode.c.h; path = PhysicsWorld.h; sourceTree = "<group>"; };
		AC3AA42312EAF83200255B5A /* PhysicsWorld.mm */ = {isa = PBXFileReference; fileEncoding = 4; lastKnownFileType = sourcecode.cpp.objcpp; path = PhysicsWorld.mm; sourceTree = "<group>"; };
		AC3AA68812EB5CA900255B5A /* mainmenu.png */ = {isa = PBXFileReference; lastKnownFileType = image.png; path = mainmenu.png; sourceTree = "<group>"; };
		AC3AA73812EB69C300255B5A /* BoxCollisionCallback.h */ = {isa = PBXFileReference; fileEncoding = 4; lastKnownFileType = sourcecode.c.h; path = BoxCollisionCallback.h; sourceTree = "<group>"; };
		AC3AA73912EB69C300255B5A /* BoxCollisionCallback.mm */ = {isa = PBXFileReference; fileEncoding = 4; lastKnownFileType = sourcecode.cpp.objcpp; path = BoxCollisionCallback.mm; sourceTree = "<group>"; };
		AC40400A13338B7C00DE57C5 /* TiledSceneGame.h */ = {isa = PBXFileReference; fileEncoding = 4; lastKnownFileType = sourcecode.c.h; path = TiledSceneGame.h; sourceTree = "<group>"; };
		AC40400B13338B7C00DE57C5 /* TiledSceneGame.mm */ = {isa = PBXFileReference; fileEncoding = 4; lastKnownFileType = sourcecode.cpp.objcpp; path = TiledSceneGame.mm; sourceTree = "<group>"; };
		AC4040BF1333922E00DE57C5 /* Layer.h */ = {isa = PBXFileReference; fileEncoding = 4; lastKnownFileType = sourcecode.c.h; path = Layer.h; sourceTree = "<group>"; };
		AC4040C01333922E00DE57C5 /* Layer.m */ = {isa = PBXFileReference; fileEncoding = 4; lastKnownFileType = sourcecode.c.objc; path = Layer.m; sourceTree = "<group>"; };
		AC4040C11333922E00DE57C5 /* TiledMap.h */ = {isa = PBXFileReference; fileEncoding = 4; lastKnownFileType = sourcecode.c.h; path = TiledMap.h; sourceTree = "<group>"; };
		AC4040C21333922E00DE57C5 /* TiledMap.m */ = {isa = PBXFileReference; fileEncoding = 4; lastKnownFileType = sourcecode.c.objc; path = TiledMap.m; sourceTree = "<group>"; };
		AC4040C31333922E00DE57C5 /* TileSet.h */ = {isa = PBXFileReference; fileEncoding = 4; lastKnownFileType = sourcecode.c.h; path = TileSet.h; sourceTree = "<group>"; };
		AC4040C41333922E00DE57C5 /* TileSet.m */ = {isa = PBXFileReference; fileEncoding = 4; lastKnownFileType = sourcecode.c.objc; path = TileSet.m; sourceTree = "<group>"; };
		AC4C69891333F42B00B6DE44 /* desert_test2gzip.tmx */ = {isa = PBXFileReference; fileEncoding = 4; lastKnownFileType = text.xml; path = desert_test2gzip.tmx; sourceTree = "<group>"; };
		AC4DA0191292ABF4002E566A /* NSDataAdditions.h */ = {isa = PBXFileReference; fileEncoding = 4; lastKnownFileType = sourcecode.c.h; path = NSDataAdditions.h; sourceTree = "<group>"; };
		AC4DA01A1292ABF4002E566A /* NSDataAdditions.m */ = {isa = PBXFileReference; fileEncoding = 4; lastKnownFileType = sourcecode.c.objc; path = NSDataAdditions.m; sourceTree = "<group>"; };
		AC4DA01B1292ABF4002E566A /* TBXML.h */ = {isa = PBXFileReference; fileEncoding = 4; lastKnownFileType = sourcecode.c.h; path = TBXML.h; sourceTree = "<group>"; };
		AC4DA01C1292ABF4002E566A /* TBXML.m */ = {isa = PBXFileReference; fileEncoding = 4; lastKnownFileType = sourcecode.c.objc; path = TBXML.m; sourceTree = "<group>"; };
		AC4DA04D1292AE89002E566A /* menuEN.xml */ = {isa = PBXFileReference; fileEncoding = 4; lastKnownFileType = text.xml; path = menuEN.xml; sourceTree = "<group>"; };
		AC4DA04E1292AE89002E566A /* menuES.xml */ = {isa = PBXFileReference; fileEncoding = 4; lastKnownFileType = text.xml; path = menuES.xml; sourceTree = "<group>"; };
		AC4DA0771292AEFE002E566A /* libz.dylib */ = {isa = PBXFileReference; lastKnownFileType = "compiled.mach-o.dylib"; name = libz.dylib; path = usr/lib/libz.dylib; sourceTree = SDKROOT; };
		AC59285A132C16B5005515F4 /* GLES-Render.h */ = {isa = PBXFileReference; fileEncoding = 4; lastKnownFileType = sourcecode.c.h; path = "GLES-Render.h"; sourceTree = "<group>"; };
		AC59285B132C16B5005515F4 /* GLES-Render.mm */ = {isa = PBXFileReference; fileEncoding = 4; lastKnownFileType = sourcecode.cpp.objcpp; path = "GLES-Render.mm"; sourceTree = "<group>"; };
		AC5937ED13311BDD005515F4 /* tmw_desert_spacing.png */ = {isa = PBXFileReference; lastKnownFileType = image.png; path = tmw_desert_spacing.png; sourceTree = "<group>"; };
		AC912276113E6090009B7C27 /* Camera.h */ = {isa = PBXFileReference; fileEncoding = 4; lastKnownFileType = sourcecode.c.h; path = Camera.h; sourceTree = "<group>"; };
		AC912277113E6090009B7C27 /* Camera.m */ = {isa = PBXFileReference; fileEncoding = 4; lastKnownFileType = sourcecode.c.objc; path = Camera.m; sourceTree = "<group>"; };
		AC912279113E6090009B7C27 /* BaseActor.h */ = {isa = PBXFileReference; fileEncoding = 4; lastKnownFileType = sourcecode.c.h; path = BaseActor.h; sourceTree = "<group>"; };
		AC91227A113E6090009B7C27 /* BaseActor.mm */ = {isa = PBXFileReference; fileEncoding = 4; lastKnownFileType = sourcecode.cpp.objcpp; path = BaseActor.mm; sourceTree = "<group>"; };
		AC91227B113E6090009B7C27 /* Animations.h */ = {isa = PBXFileReference; fileEncoding = 4; lastKnownFileType = sourcecode.c.h; path = Animations.h; sourceTree = "<group>"; };
		AC91227C113E6090009B7C27 /* Animations.m */ = {isa = PBXFileReference; fileEncoding = 4; lastKnownFileType = sourcecode.c.objc; path = Animations.m; sourceTree = "<group>"; };
		AC91227E113E6090009B7C27 /* Fonts.h */ = {isa = PBXFileReference; fileEncoding = 4; lastKnownFileType = sourcecode.c.h; path = Fonts.h; sourceTree = "<group>"; };
		AC91227F113E6090009B7C27 /* Fonts.m */ = {isa = PBXFileReference; fileEncoding = 4; lastKnownFileType = sourcecode.c.objc; path = Fonts.m; sourceTree = "<group>"; };
		AC912281113E6090009B7C27 /* InputManager.h */ = {isa = PBXFileReference; fileEncoding = 4; lastKnownFileType = sourcecode.c.h; path = InputManager.h; sourceTree = "<group>"; };
		AC912282113E6090009B7C27 /* InputManager.m */ = {isa = PBXFileReference; fileEncoding = 4; lastKnownFileType = sourcecode.c.objc; path = InputManager.m; sourceTree = "<group>"; };
		AC912283113E6090009B7C27 /* InputState.h */ = {isa = PBXFileReference; fileEncoding = 4; lastKnownFileType = sourcecode.c.h; path = InputState.h; sourceTree = "<group>"; };
		AC912284113E6090009B7C27 /* InputState.m */ = {isa = PBXFileReference; fileEncoding = 4; lastKnownFileType = sourcecode.c.objc; path = InputState.m; sourceTree = "<group>"; };
		AC912289113E6090009B7C27 /* MyOpenALSupport.c */ = {isa = PBXFileReference; fileEncoding = 4; lastKnownFileType = sourcecode.c.c; path = MyOpenALSupport.c; sourceTree = "<group>"; };
		AC91228A113E6090009B7C27 /* MyOpenALSupport.h */ = {isa = PBXFileReference; fileEncoding = 4; lastKnownFileType = sourcecode.c.h; path = MyOpenALSupport.h; sourceTree = "<group>"; };
		AC91228B113E6090009B7C27 /* SoundManager.h */ = {isa = PBXFileReference; fileEncoding = 4; lastKnownFileType = sourcecode.c.h; path = SoundManager.h; sourceTree = "<group>"; };
		AC91228C113E6090009B7C27 /* SoundManager.m */ = {isa = PBXFileReference; fileEncoding = 4; lastKnownFileType = sourcecode.c.objc; path = SoundManager.m; sourceTree = "<group>"; };
		AC91228E113E6090009B7C27 /* GameTextureBound.h */ = {isa = PBXFileReference; fileEncoding = 4; lastKnownFileType = sourcecode.c.h; path = GameTextureBound.h; sourceTree = "<group>"; };
		AC91228F113E6090009B7C27 /* GameTextureBound.m */ = {isa = PBXFileReference; fileEncoding = 4; lastKnownFileType = sourcecode.c.objc; path = GameTextureBound.m; sourceTree = "<group>"; };
		AC912290113E6090009B7C27 /* LenguageManager.h */ = {isa = PBXFileReference; fileEncoding = 4; lastKnownFileType = sourcecode.c.h; path = LenguageManager.h; sourceTree = "<group>"; };
		AC912291113E6090009B7C27 /* LenguageManager.m */ = {isa = PBXFileReference; fileEncoding = 4; lastKnownFileType = sourcecode.c.objc; path = LenguageManager.m; sourceTree = "<group>"; };
		AC912292113E6090009B7C27 /* StateManager.h */ = {isa = PBXFileReference; fileEncoding = 4; lastKnownFileType = sourcecode.c.h; path = StateManager.h; sourceTree = "<group>"; };
		AC912293113E6090009B7C27 /* StateManager.mm */ = {isa = PBXFileReference; fileEncoding = 4; lastKnownFileType = sourcecode.cpp.objcpp; path = StateManager.mm; sourceTree = "<group>"; };
		AC912294113E6090009B7C27 /* SynthesizeSingleton.h */ = {isa = PBXFileReference; fileEncoding = 4; lastKnownFileType = sourcecode.c.h; path = SynthesizeSingleton.h; sourceTree = "<group>"; };
		AC912297113E6090009B7C27 /* Image.h */ = {isa = PBXFileReference; fileEncoding = 4; lastKnownFileType = sourcecode.c.h; path = Image.h; sourceTree = "<group>"; };
		AC912298113E6090009B7C27 /* Image.m */ = {isa = PBXFileReference; fileEncoding = 4; lastKnownFileType = sourcecode.c.objc; path = Image.m; sourceTree = "<group>"; };
		AC912299113E6090009B7C27 /* Texture2D.h */ = {isa = PBXFileReference; fileEncoding = 4; lastKnownFileType = sourcecode.c.h; path = Texture2D.h; sourceTree = "<group>"; };
		AC91229A113E6090009B7C27 /* Texture2D.m */ = {isa = PBXFileReference; fileEncoding = 4; lastKnownFileType = sourcecode.c.objc; path = Texture2D.m; sourceTree = "<group>"; };
		AC9122B3113E6210009B7C27 /* defines.h */ = {isa = PBXFileReference; fileEncoding = 4; lastKnownFileType = sourcecode.c.h; path = defines.h; sourceTree = "<group>"; };
		AC9122BF113E627C009B7C27 /* MainGamescreen.h */ = {isa = PBXFileReference; fileEncoding = 4; lastKnownFileType = sourcecode.c.h; path = MainGamescreen.h; sourceTree = "<group>"; };
		AC9122C0113E627C009B7C27 /* MainGameScreen.mm */ = {isa = PBXFileReference; fileEncoding = 4; lastKnownFileType = sourcecode.cpp.objcpp; path = MainGameScreen.mm; sourceTree = "<group>"; };
		AC9122C1113E627C009B7C27 /* MenuScreen.h */ = {isa = PBXFileReference; fileEncoding = 4; lastKnownFileType = sourcecode.c.h; path = MenuScreen.h; sourceTree = "<group>"; };
		AC9122C2113E627C009B7C27 /* MenuScreen.mm */ = {isa = PBXFileReference; fileEncoding = 4; lastKnownFileType = sourcecode.cpp.objcpp; path = MenuScreen.mm; sourceTree = "<group>"; };
		AC9122DC113E630E009B7C27 /* AVFoundation.framework */ = {isa = PBXFileReference; lastKnownFileType = wrapper.framework; name = AVFoundation.framework; path = System/Library/Frameworks/AVFoundation.framework; sourceTree = SDKROOT; };
		AC9122DE113E630E009B7C27 /* OpenAL.framework */ = {isa = PBXFileReference; lastKnownFileType = wrapper.framework; name = OpenAL.framework; path = System/Library/Frameworks/OpenAL.framework; sourceTree = SDKROOT; };
		AC9122E7113E631C009B7C27 /* AudioToolbox.framework */ = {isa = PBXFileReference; lastKnownFileType = wrapper.framework; name = AudioToolbox.framework; path = System/Library/Frameworks/AudioToolbox.framework; sourceTree = SDKROOT; };
		ACAB563C113C5F2C001ACAAE /* CoreGraphics.framework */ = {isa = PBXFileReference; lastKnownFileType = wrapper.framework; name = CoreGraphics.framework; path = System/Library/Frameworks/CoreGraphics.framework; sourceTree = SDKROOT; };
		ACB31B8612E458F400B83C1D /* spritesheet.png */ = {isa = PBXFileReference; lastKnownFileType = image.png; path = spritesheet.png; sourceTree = "<group>"; };
		ACB3260612E5B1A900B83C1D /* PlayerShip.h */ = {isa = PBXFileReference; fileEncoding = 4; lastKnownFileType = sourcecode.c.h; path = PlayerShip.h; sourceTree = "<group>"; };
		ACB3260712E5B1A900B83C1D /* PlayerShip.mm */ = {isa = PBXFileReference; fileEncoding = 4; lastKnownFileType = sourcecode.cpp.objcpp; path = PlayerShip.mm; sourceTree = "<group>"; };
		ACB327BF12E5EA9300B83C1D /* TBXMLParticleAdditions.h */ = {isa = PBXFileReference; fileEncoding = 4; lastKnownFileType = sourcecode.c.h; path = TBXMLParticleAdditions.h; sourceTree = "<group>"; };
		ACB327C012E5EA9300B83C1D /* TBXMLParticleAdditions.m */ = {isa = PBXFileReference; fileEncoding = 4; lastKnownFileType = sourcecode.c.objc; path = TBXMLParticleAdditions.m; sourceTree = "<group>"; };
		ACB327C112E5EA9300B83C1D /* ParticleEmitter.h */ = {isa = PBXFileReference; fileEncoding = 4; lastKnownFileType = sourcecode.c.h; path = ParticleEmitter.h; sourceTree = "<group>"; };
		ACB327C212E5EA9300B83C1D /* ParticleEmitter.m */ = {isa = PBXFileReference; fileEncoding = 4; lastKnownFileType = sourcecode.c.objc; path = ParticleEmitter.m; sourceTree = "<group>"; };
		ACB32C3712E6303900B83C1D /* explosion.png */ = {isa = PBXFileReference; lastKnownFileType = image.png; path = explosion.png; sourceTree = "<group>"; };
		ACB9056F1294A6F800AC35AF /* TileMaps_Mappy.h */ = {isa = PBXFileReference; fileEncoding = 4; lastKnownFileType = sourcecode.c.h; path = TileMaps_Mappy.h; sourceTree = "<group>"; };
		ACB905701294A6F800AC35AF /* TileMaps_Mappy.mm */ = {isa = PBXFileReference; fileEncoding = 4; lastKnownFileType = sourcecode.cpp.objcpp; path = TileMaps_Mappy.mm; sourceTree = "<group>"; };
		ACC11619113ED01500CC7DF1 /* Blank.png */ = {isa = PBXFileReference; lastKnownFileType = image.png; path = Blank.png; sourceTree = "<group>"; };
		ACC11625113ED08F00CC7DF1 /* Default.png */ = {isa = PBXFileReference; lastKnownFileType = image.png; path = Default.png; sourceTree = "<group>"; };
		ACC11627113ED09F00CC7DF1 /* Icon.png */ = {isa = PBXFileReference; lastKnownFileType = image.png; path = Icon.png; sourceTree = "<group>"; };
		ACC116A8113EE26000CC7DF1 /* CommonEngine.h */ = {isa = PBXFileReference; fileEncoding = 4; lastKnownFileType = sourcecode.c.h; path = CommonEngine.h; sourceTree = "<group>"; };
		ACC116A9113EE26A00CC7DF1 /* Widgets.h */ = {isa = PBXFileReference; fileEncoding = 4; lastKnownFileType = sourcecode.c.h; path = Widgets.h; sourceTree = "<group>"; };
		ACC116AA113EE26A00CC7DF1 /* Widgets.mm */ = {isa = PBXFileReference; fileEncoding = 4; lastKnownFileType = sourcecode.cpp.objcpp; path = Widgets.mm; sourceTree = "<group>"; };
		ACC779CA13168E2F00920347 /* MainWindow@2x.xib */ = {isa = PBXFileReference; lastKnownFileType = file.xib; path = "MainWindow@2x.xib"; sourceTree = "<group>"; };
		ACCA6E40131D7133004E1028 /* JoystickManager.h */ = {isa = PBXFileReference; fileEncoding = 4; lastKnownFileType = sourcecode.c.h; path = JoystickManager.h; sourceTree = "<group>"; };
		ACCA6E41131D7133004E1028 /* JoystickManager.m */ = {isa = PBXFileReference; fileEncoding = 4; lastKnownFileType = sourcecode.c.objc; path = JoystickManager.m; sourceTree = "<group>"; };
		ACD7BDFA12EDE27D00C69963 /* MainGameWithoutPhysics.h */ = {isa = PBXFileReference; fileEncoding = 4; lastKnownFileType = sourcecode.c.h; path = MainGameWithoutPhysics.h; sourceTree = "<group>"; };
		ACD7BDFB12EDE27D00C69963 /* MainGameWithoutPhysics.mm */ = {isa = PBXFileReference; fileEncoding = 4; lastKnownFileType = sourcecode.cpp.objcpp; path = MainGameWithoutPhysics.mm; sourceTree = "<group>"; };
		ACD7BEDE12EDEDC400C69963 /* gunexported.fnt */ = {isa = PBXFileReference; fileEncoding = 4; lastKnownFileType = text; path = gunexported.fnt; sourceTree = "<group>"; };
		ACD7BEDF12EDEDC400C69963 /* Level.xml */ = {isa = PBXFileReference; fileEncoding = 4; lastKnownFileType = text.xml; path = Level.xml; sourceTree = "<group>"; };
		ACD7BEE112EDEDC400C69963 /* LevelScroll.xml */ = {isa = PBXFileReference; fileEncoding = 4; lastKnownFileType = text.xml; path = LevelScroll.xml; sourceTree = "<group>"; };
		ACD7BEE312EDEDC400C69963 /* PlayershipConfig.xml */ = {isa = PBXFileReference; fileEncoding = 4; lastKnownFileType = text.xml; path = PlayershipConfig.xml; sourceTree = "<group>"; };
		ACD7BEE412EDEDC400C69963 /* PlayershipConfig2.xml */ = {isa = PBXFileReference; fileEncoding = 4; lastKnownFileType = text.xml; path = PlayershipConfig2.xml; sourceTree = "<group>"; };
		ACD7BEE612EDEDC400C69963 /* TrailEffect.pex */ = {isa = PBXFileReference; fileEncoding = 4; lastKnownFileType = text; path = TrailEffect.pex; sourceTree = "<group>"; };
		ACD7BF0412EDEE1300C69963 /* platform_layer0.CSV */ = {isa = PBXFileReference; fileEncoding = 4; lastKnownFileType = text; path = platform_layer0.CSV; sourceTree = "<group>"; };
		ACD7BF0512EDEE1300C69963 /* spacemap_layer0.CSV */ = {isa = PBXFileReference; fileEncoding = 4; lastKnownFileType = text; path = spacemap_layer0.CSV; sourceTree = "<group>"; };
		ACD7BF3812EDEE7F00C69963 /* gameEN.xml */ = {isa = PBXFileReference; fileEncoding = 4; lastKnownFileType = text.xml; path = gameEN.xml; sourceTree = "<group>"; };
		ACD7BF3912EDEE7F00C69963 /* gameES.xml */ = {isa = PBXFileReference; fileEncoding = 4; lastKnownFileType = text.xml; path = gameES.xml; sourceTree = "<group>"; };
/* End PBXFileReference section */

/* Begin PBXFrameworksBuildPhase section */
		1D60588F0D05DD3D006BFB54 /* Frameworks */ = {
			isa = PBXFrameworksBuildPhase;
			buildActionMask = 2147483647;
			files = (
				1D60589F0D05DD5A006BFB54 /* Foundation.framework in Frameworks */,
				1DF5F4E00D08C38300B7A737 /* UIKit.framework in Frameworks */,
				28FD15000DC6FC520079059D /* OpenGLES.framework in Frameworks */,
				28FD15080DC6FC5B0079059D /* QuartzCore.framework in Frameworks */,
				ACAB563D113C5F2C001ACAAE /* CoreGraphics.framework in Frameworks */,
				AC9122DD113E630E009B7C27 /* AVFoundation.framework in Frameworks */,
				AC9122DF113E630E009B7C27 /* OpenAL.framework in Frameworks */,
				AC9122E8113E631C009B7C27 /* AudioToolbox.framework in Frameworks */,
				AC4DA0781292AEFE002E566A /* libz.dylib in Frameworks */,
			);
			runOnlyForDeploymentPostprocessing = 0;
		};
/* End PBXFrameworksBuildPhase section */

/* Begin PBXGroup section */
		080E96DDFE201D6D7F000001 /* Classes */ = {
			isa = PBXGroup;
			children = (
				28FD14FC0DC6FC130079059D /* EAGLView.h */,
				28FD14FD0DC6FC130079059D /* EAGLView.m */,
				1D3623240D0F684500981E51 /* EngineAppDelegate.h */,
				1D3623250D0F684500981E51 /* EngineAppDelegate.m */,
			);
			path = Classes;
			sourceTree = "<group>";
		};
		19C28FACFE9D520D11CA2CBB /* Products */ = {
			isa = PBXGroup;
			children = (
				1D6058910D05DD3D006BFB54 /* Engine2D.app */,
			);
			name = Products;
			sourceTree = "<group>";
		};
		29B97314FDCFA39411CA2CEA /* CustomTemplate */ = {
			isa = PBXGroup;
			children = (
				AC9122B3113E6210009B7C27 /* defines.h */,
				AC4DA0181292ABF4002E566A /* TBXML_1.4 */,
				AC912274113E6090009B7C27 /* Engine2D */,
				AC9122B8113E627C009B7C27 /* Game */,
				080E96DDFE201D6D7F000001 /* Classes */,
				29B97315FDCFA39411CA2CEA /* Other Sources */,
				29B97317FDCFA39411CA2CEA /* Resources */,
				29B97323FDCFA39411CA2CEA /* Frameworks */,
				19C28FACFE9D520D11CA2CBB /* Products */,
			);
			name = CustomTemplate;
			sourceTree = "<group>";
		};
		29B97315FDCFA39411CA2CEA /* Other Sources */ = {
			isa = PBXGroup;
			children = (
				32CA4F630368D1EE00C91783 /* Engine2D_Prefix.pch */,
				29B97316FDCFA39411CA2CEA /* main.m */,
			);
			name = "Other Sources";
			sourceTree = "<group>";
		};
		29B97317FDCFA39411CA2CEA /* Resources */ = {
			isa = PBXGroup;
			children = (
				AC91226F113E6019009B7C27 /* Assets */,
				28AD733E0D9D9553002E5188 /* MainWindow.xib */,
				ACC779CA13168E2F00920347 /* MainWindow@2x.xib */,
				8D1107310486CEB800E47090 /* Engine2D-Info.plist */,
			);
			name = Resources;
			sourceTree = "<group>";
		};
		29B97323FDCFA39411CA2CEA /* Frameworks */ = {
			isa = PBXGroup;
			children = (
				AC9122E7113E631C009B7C27 /* AudioToolbox.framework */,
				28FD15070DC6FC5B0079059D /* QuartzCore.framework */,
				28FD14FF0DC6FC520079059D /* OpenGLES.framework */,
				1DF5F4DF0D08C38300B7A737 /* UIKit.framework */,
				1D30AB110D05D00D00671497 /* Foundation.framework */,
				ACAB563C113C5F2C001ACAAE /* CoreGraphics.framework */,
				AC9122DC113E630E009B7C27 /* AVFoundation.framework */,
				AC9122DE113E630E009B7C27 /* OpenAL.framework */,
				AC4DA0771292AEFE002E566A /* libz.dylib */,
			);
			name = Frameworks;
			sourceTree = "<group>";
		};
		AC3AA22C12EA72C100255B5A /* Box2D */ = {
			isa = PBXGroup;
			children = (
				AC3AA22D12EA72C100255B5A /* Box2D.h */,
				AC3AA22E12EA72C100255B5A /* Collision */,
				AC3AA24112EA72C100255B5A /* Common */,
				AC3AA24A12EA72C100255B5A /* Dynamics */,
			);
			path = Box2D;
			sourceTree = "<group>";
		};
		AC3AA22E12EA72C100255B5A /* Collision */ = {
			isa = PBXGroup;
			children = (
				AC3AA22F12EA72C100255B5A /* b2BroadPhase.cpp */,
				AC3AA23012EA72C100255B5A /* b2BroadPhase.h */,
				AC3AA23112EA72C100255B5A /* b2CollideCircle.cpp */,
				AC3AA23212EA72C100255B5A /* b2CollidePolygon.cpp */,
				AC3AA23312EA72C100255B5A /* b2Collision.cpp */,
				AC3AA23412EA72C100255B5A /* b2Collision.h */,
				AC3AA23512EA72C100255B5A /* b2Distance.cpp */,
				AC3AA23612EA72C100255B5A /* b2Distance.h */,
				AC3AA23712EA72C100255B5A /* b2DynamicTree.cpp */,
				AC3AA23812EA72C100255B5A /* b2DynamicTree.h */,
				AC3AA23912EA72C100255B5A /* b2TimeOfImpact.cpp */,
				AC3AA23A12EA72C100255B5A /* b2TimeOfImpact.h */,
				AC3AA23B12EA72C100255B5A /* Shapes */,
			);
			path = Collision;
			sourceTree = "<group>";
		};
		AC3AA23B12EA72C100255B5A /* Shapes */ = {
			isa = PBXGroup;
			children = (
				AC3AA23C12EA72C100255B5A /* b2CircleShape.cpp */,
				AC3AA23D12EA72C100255B5A /* b2CircleShape.h */,
				AC3AA23E12EA72C100255B5A /* b2PolygonShape.cpp */,
				AC3AA23F12EA72C100255B5A /* b2PolygonShape.h */,
				AC3AA24012EA72C100255B5A /* b2Shape.h */,
			);
			path = Shapes;
			sourceTree = "<group>";
		};
		AC3AA24112EA72C100255B5A /* Common */ = {
			isa = PBXGroup;
			children = (
				AC3AA24212EA72C100255B5A /* b2BlockAllocator.cpp */,
				AC3AA24312EA72C100255B5A /* b2BlockAllocator.h */,
				AC3AA24412EA72C100255B5A /* b2Math.cpp */,
				AC3AA24512EA72C100255B5A /* b2Math.h */,
				AC3AA24612EA72C100255B5A /* b2Settings.cpp */,
				AC3AA24712EA72C100255B5A /* b2Settings.h */,
				AC3AA24812EA72C100255B5A /* b2StackAllocator.cpp */,
				AC3AA24912EA72C100255B5A /* b2StackAllocator.h */,
			);
			path = Common;
			sourceTree = "<group>";
		};
		AC3AA24A12EA72C100255B5A /* Dynamics */ = {
			isa = PBXGroup;
			children = (
				AC3AA24B12EA72C100255B5A /* b2Body.cpp */,
				AC3AA24C12EA72C100255B5A /* b2Body.h */,
				AC3AA24D12EA72C100255B5A /* b2ContactManager.cpp */,
				AC3AA24E12EA72C100255B5A /* b2ContactManager.h */,
				AC3AA24F12EA72C100255B5A /* b2Fixture.cpp */,
				AC3AA25012EA72C100255B5A /* b2Fixture.h */,
				AC3AA25112EA72C100255B5A /* b2Island.cpp */,
				AC3AA25212EA72C100255B5A /* b2Island.h */,
				AC3AA25312EA72C100255B5A /* b2TimeStep.h */,
				AC3AA25412EA72C100255B5A /* b2World.cpp */,
				AC3AA25512EA72C100255B5A /* b2World.h */,
				AC3AA25612EA72C100255B5A /* b2WorldCallbacks.cpp */,
				AC3AA25712EA72C100255B5A /* b2WorldCallbacks.h */,
				AC3AA25812EA72C100255B5A /* Contacts */,
				AC3AA26612EA72C100255B5A /* Joints */,
			);
			path = Dynamics;
			sourceTree = "<group>";
		};
		AC3AA25812EA72C100255B5A /* Contacts */ = {
			isa = PBXGroup;
			children = (
				AC3AA25912EA72C100255B5A /* b2CircleContact.cpp */,
				AC3AA25A12EA72C100255B5A /* b2CircleContact.h */,
				AC3AA25B12EA72C100255B5A /* b2Contact.cpp */,
				AC3AA25C12EA72C100255B5A /* b2Contact.h */,
				AC3AA25D12EA72C100255B5A /* b2ContactSolver.cpp */,
				AC3AA25E12EA72C100255B5A /* b2ContactSolver.h */,
				AC3AA25F12EA72C100255B5A /* b2NullContact.h */,
				AC3AA26012EA72C100255B5A /* b2PolygonAndCircleContact.cpp */,
				AC3AA26112EA72C100255B5A /* b2PolygonAndCircleContact.h */,
				AC3AA26212EA72C100255B5A /* b2PolygonContact.cpp */,
				AC3AA26312EA72C100255B5A /* b2PolygonContact.h */,
				AC3AA26412EA72C100255B5A /* b2TOISolver.cpp */,
				AC3AA26512EA72C100255B5A /* b2TOISolver.h */,
			);
			path = Contacts;
			sourceTree = "<group>";
		};
		AC3AA26612EA72C100255B5A /* Joints */ = {
			isa = PBXGroup;
			children = (
				AC3AA26712EA72C100255B5A /* b2DistanceJoint.cpp */,
				AC3AA26812EA72C100255B5A /* b2DistanceJoint.h */,
				AC3AA26912EA72C100255B5A /* b2FrictionJoint.cpp */,
				AC3AA26A12EA72C100255B5A /* b2FrictionJoint.h */,
				AC3AA26B12EA72C100255B5A /* b2GearJoint.cpp */,
				AC3AA26C12EA72C100255B5A /* b2GearJoint.h */,
				AC3AA26D12EA72C100255B5A /* b2Joint.cpp */,
				AC3AA26E12EA72C100255B5A /* b2Joint.h */,
				AC3AA26F12EA72C100255B5A /* b2LineJoint.cpp */,
				AC3AA27012EA72C100255B5A /* b2LineJoint.h */,
				AC3AA27112EA72C100255B5A /* b2MouseJoint.cpp */,
				AC3AA27212EA72C100255B5A /* b2MouseJoint.h */,
				AC3AA27312EA72C100255B5A /* b2PrismaticJoint.cpp */,
				AC3AA27412EA72C100255B5A /* b2PrismaticJoint.h */,
				AC3AA27512EA72C100255B5A /* b2PulleyJoint.cpp */,
				AC3AA27612EA72C100255B5A /* b2PulleyJoint.h */,
				AC3AA27712EA72C100255B5A /* b2RevoluteJoint.cpp */,
				AC3AA27812EA72C100255B5A /* b2RevoluteJoint.h */,
				AC3AA27912EA72C100255B5A /* b2WeldJoint.cpp */,
				AC3AA27A12EA72C100255B5A /* b2WeldJoint.h */,
			);
			path = Joints;
			sourceTree = "<group>";
		};
		AC4DA0181292ABF4002E566A /* TBXML_1.4 */ = {
			isa = PBXGroup;
			children = (
				AC4DA0191292ABF4002E566A /* NSDataAdditions.h */,
				AC4DA01A1292ABF4002E566A /* NSDataAdditions.m */,
				AC4DA01B1292ABF4002E566A /* TBXML.h */,
				AC4DA01C1292ABF4002E566A /* TBXML.m */,
			);
			path = TBXML_1.4;
			sourceTree = "<group>";
		};
		AC91226F113E6019009B7C27 /* Assets */ = {
			isa = PBXGroup;
			children = (
				ACD7BEDB12EDEDC400C69963 /* ConfigFiles */,
				ACC115F8113ECDD700CC7DF1 /* TextFiles */,
				AC912270113E602C009B7C27 /* Audio */,
				AC912271113E602C009B7C27 /* Images */,
			);
			path = Assets;
			sourceTree = "<group>";
		};
		AC912270113E602C009B7C27 /* Audio */ = {
			isa = PBXGroup;
			children = (
			);
			path = Audio;
			sourceTree = "<group>";
		};
		AC912271113E602C009B7C27 /* Images */ = {
			isa = PBXGroup;
			children = (
				AC5937ED13311BDD005515F4 /* tmw_desert_spacing.png */,
				AC04DF7312EC57770019594D /* tileset.png */,
				ACB32C3712E6303900B83C1D /* explosion.png */,
				AC3AA68812EB5CA900255B5A /* mainmenu.png */,
				ACB31B8612E458F400B83C1D /* spritesheet.png */,
				ACC11627113ED09F00CC7DF1 /* Icon.png */,
				ACC11625113ED08F00CC7DF1 /* Default.png */,
				ACC11619113ED01500CC7DF1 /* Blank.png */,
			);
			path = Images;
			sourceTree = "<group>";
		};
		AC912274113E6090009B7C27 /* Engine2D */ = {
			isa = PBXGroup;
			children = (
				ACC116A8113EE26000CC7DF1 /* CommonEngine.h */,
				AC3AA22C12EA72C100255B5A /* Box2D */,
				ACB9056E1294A6F800AC35AF /* TileMaps */,
				ACC11695113EE22900CC7DF1 /* Widgets */,
				AC912275113E6090009B7C27 /* Camera */,
				AC912278113E6090009B7C27 /* EntitiesAndPhysics */,
				AC91227D113E6090009B7C27 /* Fonts */,
				AC912280113E6090009B7C27 /* Input */,
				AC912285113E6090009B7C27 /* Particles */,
				AC912288113E6090009B7C27 /* Sound */,
				AC91228D113E6090009B7C27 /* Managers */,
				AC912295113E6090009B7C27 /* Textures */,
			);
			path = Engine2D;
			sourceTree = "<group>";
		};
		AC912275113E6090009B7C27 /* Camera */ = {
			isa = PBXGroup;
			children = (
				AC912276113E6090009B7C27 /* Camera.h */,
				AC912277113E6090009B7C27 /* Camera.m */,
			);
			path = Camera;
			sourceTree = "<group>";
		};
		AC912278113E6090009B7C27 /* EntitiesAndPhysics */ = {
			isa = PBXGroup;
			children = (
				AC3AA73812EB69C300255B5A /* BoxCollisionCallback.h */,
				AC3AA73912EB69C300255B5A /* BoxCollisionCallback.mm */,
				AC912279113E6090009B7C27 /* BaseActor.h */,
				AC91227A113E6090009B7C27 /* BaseActor.mm */,
				AC91227B113E6090009B7C27 /* Animations.h */,
				AC91227C113E6090009B7C27 /* Animations.m */,
				AC59285A132C16B5005515F4 /* GLES-Render.h */,
				AC59285B132C16B5005515F4 /* GLES-Render.mm */,
				AC3AA42212EAF83200255B5A /* PhysicsWorld.h */,
				AC3AA42312EAF83200255B5A /* PhysicsWorld.mm */,
				AC04E05412EC78180019594D /* PhysicBodyBase.h */,
				AC04E05512EC78180019594D /* PhysicBodyBase.mm */,
				AC04E05712EC79060019594D /* SpriteBase.h */,
				AC04E05812EC79060019594D /* SpriteBase.mm */,
			);
			name = EntitiesAndPhysics;
			path = Entities;
			sourceTree = "<group>";
		};
		AC91227D113E6090009B7C27 /* Fonts */ = {
			isa = PBXGroup;
			children = (
				AC91227E113E6090009B7C27 /* Fonts.h */,
				AC91227F113E6090009B7C27 /* Fonts.m */,
			);
			path = Fonts;
			sourceTree = "<group>";
		};
		AC912280113E6090009B7C27 /* Input */ = {
			isa = PBXGroup;
			children = (
				ACCA6E40131D7133004E1028 /* JoystickManager.h */,
				ACCA6E41131D7133004E1028 /* JoystickManager.m */,
				AC912281113E6090009B7C27 /* InputManager.h */,
				AC912282113E6090009B7C27 /* InputManager.m */,
				AC912283113E6090009B7C27 /* InputState.h */,
				AC912284113E6090009B7C27 /* InputState.m */,
			);
			path = Input;
			sourceTree = "<group>";
		};
		AC912285113E6090009B7C27 /* Particles */ = {
			isa = PBXGroup;
			children = (
				ACB327BF12E5EA9300B83C1D /* TBXMLParticleAdditions.h */,
				ACB327C012E5EA9300B83C1D /* TBXMLParticleAdditions.m */,
				ACB327C112E5EA9300B83C1D /* ParticleEmitter.h */,
				ACB327C212E5EA9300B83C1D /* ParticleEmitter.m */,
			);
			path = Particles;
			sourceTree = "<group>";
		};
		AC912288113E6090009B7C27 /* Sound */ = {
			isa = PBXGroup;
			children = (
				AC912289113E6090009B7C27 /* MyOpenALSupport.c */,
				AC91228A113E6090009B7C27 /* MyOpenALSupport.h */,
				AC91228B113E6090009B7C27 /* SoundManager.h */,
				AC91228C113E6090009B7C27 /* SoundManager.m */,
			);
			path = Sound;
			sourceTree = "<group>";
		};
		AC91228D113E6090009B7C27 /* Managers */ = {
			isa = PBXGroup;
			children = (
				AC91228E113E6090009B7C27 /* GameTextureBound.h */,
				AC91228F113E6090009B7C27 /* GameTextureBound.m */,
				AC912290113E6090009B7C27 /* LenguageManager.h */,
				AC912291113E6090009B7C27 /* LenguageManager.m */,
				AC912292113E6090009B7C27 /* StateManager.h */,
				AC912293113E6090009B7C27 /* StateManager.mm */,
				AC912294113E6090009B7C27 /* SynthesizeSingleton.h */,
			);
			name = Managers;
			path = StatesManager;
			sourceTree = "<group>";
		};
		AC912295113E6090009B7C27 /* Textures */ = {
			isa = PBXGroup;
			children = (
				AC912297113E6090009B7C27 /* Image.h */,
				AC912298113E6090009B7C27 /* Image.m */,
				AC912299113E6090009B7C27 /* Texture2D.h */,
				AC91229A113E6090009B7C27 /* Texture2D.m */,
			);
			path = Textures;
			sourceTree = "<group>";
		};
		AC9122B8113E627C009B7C27 /* Game */ = {
			isa = PBXGroup;
			children = (
				ACB3260612E5B1A900B83C1D /* PlayerShip.h */,
				ACB3260712E5B1A900B83C1D /* PlayerShip.mm */,
				AC9122BF113E627C009B7C27 /* MainGamescreen.h */,
				AC9122C0113E627C009B7C27 /* MainGameScreen.mm */,
				AC9122C1113E627C009B7C27 /* MenuScreen.h */,
				AC9122C2113E627C009B7C27 /* MenuScreen.mm */,
				ACD7BDFA12EDE27D00C69963 /* MainGameWithoutPhysics.h */,
				ACD7BDFB12EDE27D00C69963 /* MainGameWithoutPhysics.mm */,
				AC40400A13338B7C00DE57C5 /* TiledSceneGame.h */,
				AC40400B13338B7C00DE57C5 /* TiledSceneGame.mm */,
			);
			path = Game;
			sourceTree = "<group>";
		};
		ACB9056E1294A6F800AC35AF /* TileMaps */ = {
			isa = PBXGroup;
			children = (
				AC4040BF1333922E00DE57C5 /* Layer.h */,
				AC4040C01333922E00DE57C5 /* Layer.m */,
				AC4040C11333922E00DE57C5 /* TiledMap.h */,
				AC4040C21333922E00DE57C5 /* TiledMap.m */,
				AC4040C31333922E00DE57C5 /* TileSet.h */,
				AC4040C41333922E00DE57C5 /* TileSet.m */,
				ACB9056F1294A6F800AC35AF /* TileMaps_Mappy.h */,
				ACB905701294A6F800AC35AF /* TileMaps_Mappy.mm */,
			);
			path = TileMaps;
			sourceTree = "<group>";
		};
		ACC115F8113ECDD700CC7DF1 /* TextFiles */ = {
			isa = PBXGroup;
			children = (
				ACD7BF3812EDEE7F00C69963 /* gameEN.xml */,
				ACD7BF3912EDEE7F00C69963 /* gameES.xml */,
				AC4DA04D1292AE89002E566A /* menuEN.xml */,
				AC4DA04E1292AE89002E566A /* menuES.xml */,
			);
			name = TextFiles;
			path = Text;
			sourceTree = "<group>";
		};
		ACC11695113EE22900CC7DF1 /* Widgets */ = {
			isa = PBXGroup;
			children = (
				ACC116A9113EE26A00CC7DF1 /* Widgets.h */,
				ACC116AA113EE26A00CC7DF1 /* Widgets.mm */,
			);
			path = Widgets;
			sourceTree = "<group>";
		};
		ACD7BEDB12EDEDC400C69963 /* ConfigFiles */ = {
			isa = PBXGroup;
			children = (
				ACD7BEE012EDEDC400C69963 /* LevelMaps */,
				ACD7BEDE12EDEDC400C69963 /* gunexported.fnt */,
				ACD7BEDF12EDEDC400C69963 /* Level.xml */,
				ACD7BEE112EDEDC400C69963 /* LevelScroll.xml */,
				ACD7BEE312EDEDC400C69963 /* PlayershipConfig.xml */,
				ACD7BEE412EDEDC400C69963 /* PlayershipConfig2.xml */,
				ACD7BEE612EDEDC400C69963 /* TrailEffect.pex */,
			);
			path = ConfigFiles;
			sourceTree = "<group>";
		};
		ACD7BEE012EDEDC400C69963 /* LevelMaps */ = {
			isa = PBXGroup;
			children = (
				AC4C69891333F42B00B6DE44 /* desert_test2gzip.tmx */,
				ACD7BF0412EDEE1300C69963 /* platform_layer0.CSV */,
				ACD7BF0512EDEE1300C69963 /* spacemap_layer0.CSV */,
			);
			path = LevelMaps;
			sourceTree = "<group>";
		};
/* End PBXGroup section */

/* Begin PBXNativeTarget section */
		1D6058900D05DD3D006BFB54 /* Engine2D */ = {
			isa = PBXNativeTarget;
			buildConfigurationList = 1D6058960D05DD3E006BFB54 /* Build configuration list for PBXNativeTarget "Engine2D" */;
			buildPhases = (
				1D60588D0D05DD3D006BFB54 /* Resources */,
				1D60588E0D05DD3D006BFB54 /* Sources */,
				1D60588F0D05DD3D006BFB54 /* Frameworks */,
			);
			buildRules = (
			);
			dependencies = (
			);
			name = Engine2D;
			productName = War_Warriors;
			productReference = 1D6058910D05DD3D006BFB54 /* Engine2D.app */;
			productType = "com.apple.product-type.application";
		};
/* End PBXNativeTarget section */

/* Begin PBXProject section */
		29B97313FDCFA39411CA2CEA /* Project object */ = {
			isa = PBXProject;
			buildConfigurationList = C01FCF4E08A954540054247B /* Build configuration list for PBXProject "Engine2D" */;
			compatibilityVersion = "Xcode 3.1";
			developmentRegion = English;
			hasScannedForEncodings = 1;
			knownRegions = (
				English,
				Japanese,
				French,
				German,
			);
			mainGroup = 29B97314FDCFA39411CA2CEA /* CustomTemplate */;
			projectDirPath = "";
			projectRoot = "";
			targets = (
				1D6058900D05DD3D006BFB54 /* Engine2D */,
			);
		};
/* End PBXProject section */

/* Begin PBXResourcesBuildPhase section */
		1D60588D0D05DD3D006BFB54 /* Resources */ = {
			isa = PBXResourcesBuildPhase;
			buildActionMask = 2147483647;
			files = (
				28AD733F0D9D9553002E5188 /* MainWindow.xib in Resources */,
				ACC1161A113ED01500CC7DF1 /* Blank.png in Resources */,
				ACC11626113ED08F00CC7DF1 /* Default.png in Resources */,
				ACC11628113ED09F00CC7DF1 /* Icon.png in Resources */,
				AC4DA04F1292AE89002E566A /* menuEN.xml in Resources */,
				AC4DA0501292AE89002E566A /* menuES.xml in Resources */,
				ACB31B8712E458F400B83C1D /* spritesheet.png in Resources */,
				ACB32C3812E6303900B83C1D /* explosion.png in Resources */,
				AC3AA68912EB5CA900255B5A /* mainmenu.png in Resources */,
				AC04DF7412EC57770019594D /* tileset.png in Resources */,
				ACD7BEE912EDEDC400C69963 /* gunexported.fnt in Resources */,
				ACD7BEEA12EDEDC400C69963 /* Level.xml in Resources */,
				ACD7BEEB12EDEDC400C69963 /* LevelScroll.xml in Resources */,
				ACD7BEED12EDEDC400C69963 /* PlayershipConfig.xml in Resources */,
				ACD7BEEE12EDEDC400C69963 /* PlayershipConfig2.xml in Resources */,
				ACD7BEF012EDEDC400C69963 /* TrailEffect.pex in Resources */,
				ACD7BF0612EDEE1300C69963 /* platform_layer0.CSV in Resources */,
				ACD7BF0712EDEE1300C69963 /* spacemap_layer0.CSV in Resources */,
				ACD7BF3A12EDEE7F00C69963 /* gameEN.xml in Resources */,
				ACD7BF3B12EDEE7F00C69963 /* gameES.xml in Resources */,
				ACC779CB13168E2F00920347 /* MainWindow@2x.xib in Resources */,
				AC5937EE13311BDD005515F4 /* tmw_desert_spacing.png in Resources */,
				AC4C698A1333F42B00B6DE44 /* desert_test2gzip.tmx in Resources */,
			);
			runOnlyForDeploymentPostprocessing = 0;
		};
/* End PBXResourcesBuildPhase section */

/* Begin PBXSourcesBuildPhase section */
		1D60588E0D05DD3D006BFB54 /* Sources */ = {
			isa = PBXSourcesBuildPhase;
			buildActionMask = 2147483647;
			files = (
				1D60589B0D05DD56006BFB54 /* main.m in Sources */,
				1D3623260D0F684500981E51 /* EngineAppDelegate.m in Sources */,
				28FD14FE0DC6FC130079059D /* EAGLView.m in Sources */,
				AC91229E113E6090009B7C27 /* Camera.m in Sources */,
				AC91229F113E6090009B7C27 /* BaseActor.mm in Sources */,
				AC9122A0113E6090009B7C27 /* Animations.m in Sources */,
				AC9122A1113E6090009B7C27 /* Fonts.m in Sources */,
				AC9122A2113E6090009B7C27 /* InputManager.m in Sources */,
				AC9122A3113E6090009B7C27 /* InputState.m in Sources */,
				AC9122A5113E6090009B7C27 /* MyOpenALSupport.c in Sources */,
				AC9122A6113E6090009B7C27 /* SoundManager.m in Sources */,
				AC9122A7113E6090009B7C27 /* GameTextureBound.m in Sources */,
				AC9122A8113E6090009B7C27 /* LenguageManager.m in Sources */,
				AC9122A9113E6090009B7C27 /* StateManager.mm in Sources */,
				AC9122AA113E6090009B7C27 /* Image.m in Sources */,
				AC9122AB113E6090009B7C27 /* Texture2D.m in Sources */,
				AC9122C5113E627C009B7C27 /* MainGameScreen.mm in Sources */,
				AC9122C6113E627C009B7C27 /* MenuScreen.mm in Sources */,
				ACC116AB113EE26A00CC7DF1 /* Widgets.mm in Sources */,
				AC4DA01D1292ABF4002E566A /* NSDataAdditions.m in Sources */,
				AC4DA01E1292ABF4002E566A /* TBXML.m in Sources */,
				ACB905711294A6F800AC35AF /* TileMaps_Mappy.mm in Sources */,
				ACB3260912E5B1A900B83C1D /* PlayerShip.mm in Sources */,
				ACB327C312E5EA9300B83C1D /* TBXMLParticleAdditions.m in Sources */,
				ACB327C412E5EA9300B83C1D /* ParticleEmitter.m in Sources */,
				AC3AA27B12EA72C100255B5A /* b2BroadPhase.cpp in Sources */,
				AC3AA27C12EA72C100255B5A /* b2CollideCircle.cpp in Sources */,
				AC3AA27D12EA72C100255B5A /* b2CollidePolygon.cpp in Sources */,
				AC3AA27E12EA72C100255B5A /* b2Collision.cpp in Sources */,
				AC3AA27F12EA72C100255B5A /* b2Distance.cpp in Sources */,
				AC3AA28012EA72C100255B5A /* b2DynamicTree.cpp in Sources */,
				AC3AA28112EA72C100255B5A /* b2TimeOfImpact.cpp in Sources */,
				AC3AA28212EA72C100255B5A /* b2CircleShape.cpp in Sources */,
				AC3AA28312EA72C100255B5A /* b2PolygonShape.cpp in Sources */,
				AC3AA28412EA72C100255B5A /* b2BlockAllocator.cpp in Sources */,
				AC3AA28512EA72C100255B5A /* b2Math.cpp in Sources */,
				AC3AA28612EA72C100255B5A /* b2Settings.cpp in Sources */,
				AC3AA28712EA72C100255B5A /* b2StackAllocator.cpp in Sources */,
				AC3AA28812EA72C100255B5A /* b2Body.cpp in Sources */,
				AC3AA28912EA72C100255B5A /* b2ContactManager.cpp in Sources */,
				AC3AA28A12EA72C100255B5A /* b2Fixture.cpp in Sources */,
				AC3AA28B12EA72C100255B5A /* b2Island.cpp in Sources */,
				AC3AA28C12EA72C100255B5A /* b2World.cpp in Sources */,
				AC3AA28D12EA72C100255B5A /* b2WorldCallbacks.cpp in Sources */,
				AC3AA28E12EA72C100255B5A /* b2CircleContact.cpp in Sources */,
				AC3AA28F12EA72C100255B5A /* b2Contact.cpp in Sources */,
				AC3AA29012EA72C100255B5A /* b2ContactSolver.cpp in Sources */,
				AC3AA29112EA72C100255B5A /* b2PolygonAndCircleContact.cpp in Sources */,
				AC3AA29212EA72C100255B5A /* b2PolygonContact.cpp in Sources */,
				AC3AA29312EA72C100255B5A /* b2TOISolver.cpp in Sources */,
				AC3AA29412EA72C100255B5A /* b2DistanceJoint.cpp in Sources */,
				AC3AA29512EA72C100255B5A /* b2FrictionJoint.cpp in Sources */,
				AC3AA29612EA72C100255B5A /* b2GearJoint.cpp in Sources */,
				AC3AA29712EA72C100255B5A /* b2Joint.cpp in Sources */,
				AC3AA29812EA72C100255B5A /* b2LineJoint.cpp in Sources */,
				AC3AA29912EA72C100255B5A /* b2MouseJoint.cpp in Sources */,
				AC3AA29A12EA72C100255B5A /* b2PrismaticJoint.cpp in Sources */,
				AC3AA29B12EA72C100255B5A /* b2PulleyJoint.cpp in Sources */,
				AC3AA29C12EA72C100255B5A /* b2RevoluteJoint.cpp in Sources */,
				AC3AA29D12EA72C100255B5A /* b2WeldJoint.cpp in Sources */,
				AC3AA42412EAF83200255B5A /* PhysicsWorld.mm in Sources */,
				AC3AA73A12EB69C300255B5A /* BoxCollisionCallback.mm in Sources */,
				AC04E05612EC78180019594D /* PhysicBodyBase.mm in Sources */,
				AC04E05912EC79060019594D /* SpriteBase.mm in Sources */,
				ACD7BDFC12EDE27D00C69963 /* MainGameWithoutPhysics.mm in Sources */,
				ACCA6E42131D7133004E1028 /* JoystickManager.m in Sources */,
				AC59285C132C16B5005515F4 /* GLES-Render.mm in Sources */,
				AC40400C13338B7C00DE57C5 /* TiledSceneGame.mm in Sources */,
				AC4040C51333922E00DE57C5 /* Layer.m in Sources */,
				AC4040C61333922E00DE57C5 /* TiledMap.m in Sources */,
				AC4040C71333922E00DE57C5 /* TileSet.m in Sources */,
			);
			runOnlyForDeploymentPostprocessing = 0;
		};
/* End PBXSourcesBuildPhase section */

/* Begin XCBuildConfiguration section */
		1D6058940D05DD3E006BFB54 /* Debug */ = {
			isa = XCBuildConfiguration;
			buildSettings = {
				ALWAYS_SEARCH_USER_PATHS = NO;
				ARCHS = "$(ARCHS_UNIVERSAL_IPHONE_OS)";
				COPY_PHASE_STRIP = NO;
				GCC_DYNAMIC_NO_PIC = NO;
				GCC_OPTIMIZATION_LEVEL = 0;
				GCC_PRECOMPILE_PREFIX_HEADER = YES;
				GCC_PREFIX_HEADER = Engine2D_Prefix.pch;
				"GCC_THUMB_SUPPORT[arch=armv6]" = "";
				INFOPLIST_FILE = "Engine2D-Info.plist";
				IPHONEOS_DEPLOYMENT_TARGET = 3.2;
				PRODUCT_NAME = Engine2D;
				SDKROOT = iphoneos;
				TARGETED_DEVICE_FAMILY = 2;
			};
			name = Debug;
		};
		1D6058950D05DD3E006BFB54 /* Release */ = {
			isa = XCBuildConfiguration;
			buildSettings = {
				ALWAYS_SEARCH_USER_PATHS = NO;
				COPY_PHASE_STRIP = YES;
				GCC_PRECOMPILE_PREFIX_HEADER = YES;
				GCC_PREFIX_HEADER = Engine2D_Prefix.pch;
				"GCC_THUMB_SUPPORT[arch=armv6]" = "";
				GCC_VERSION = com.apple.compilers.llvmgcc42;
				HEADER_SEARCH_PATHS = "${PROJECT_DIR}/**";
				INFOPLIST_FILE = "Engine2D-Info.plist";
				PRODUCT_NAME = Engine2D;
				SDKROOT = iphoneos;
			};
			name = Release;
		};
		AC333B8712E7701000EFF647 /* Distribution */ = {
			isa = XCBuildConfiguration;
			buildSettings = {
				ARCHS = "$(ARCHS_STANDARD_32_BIT)";
				"CODE_SIGN_IDENTITY[sdk=iphoneos*]" = "iPhone Developer";
				GCC_C_LANGUAGE_STANDARD = c99;
				GCC_WARN_ABOUT_RETURN_TYPE = YES;
				GCC_WARN_UNUSED_VARIABLE = YES;
				PREBINDING = NO;
				SDKROOT = iphoneos;
			};
			name = Distribution;
		};
		AC333B8812E7701000EFF647 /* Distribution */ = {
			isa = XCBuildConfiguration;
			buildSettings = {
				ALWAYS_SEARCH_USER_PATHS = NO;
				ARCHS = "$(ARCHS_UNIVERSAL_IPHONE_OS)";
				CODE_SIGN_IDENTITY = "iPhone Distribution";
				"CODE_SIGN_IDENTITY[sdk=iphoneos*]" = "iPhone Distribution: Alejandro Perez Perez";
				COPY_PHASE_STRIP = YES;
				GCC_PRECOMPILE_PREFIX_HEADER = YES;
				GCC_PREFIX_HEADER = Engine2D_Prefix.pch;
				"GCC_THUMB_SUPPORT[arch=armv6]" = "";
				GCC_VERSION = com.apple.compilers.llvmgcc42;
				HEADER_SEARCH_PATHS = "${PROJECT_DIR}/**";
				INFOPLIST_FILE = "Engine2D-Info.plist";
				IPHONEOS_DEPLOYMENT_TARGET = 3.2;
				OTHER_LDFLAGS = (
					"-all_load",
					"-ObjC",
				);
				PRODUCT_NAME = Engine2D;
				PROVISIONING_PROFILE = "";
				"PROVISIONING_PROFILE[sdk=iphoneos*]" = "557C05DE-4FF4-4BC8-8001-016E1B6E7442";
				SDKROOT = iphoneos;
				TARGETED_DEVICE_FAMILY = 2;
			};
			name = Distribution;
		};
		C01FCF4F08A954540054247B /* Debug */ = {
			isa = XCBuildConfiguration;
			buildSettings = {
				ARCHS = "$(ARCHS_STANDARD_32_BIT)";
				"CODE_SIGN_IDENTITY[sdk=iphoneos*]" = "iPhone Developer";
				GCC_C_LANGUAGE_STANDARD = c99;
				GCC_WARN_ABOUT_RETURN_TYPE = YES;
				GCC_WARN_UNUSED_VARIABLE = YES;
				PREBINDING = NO;
				SDKROOT = iphoneos;
				TARGETED_DEVICE_FAMILY = "1,2";
			};
			name = Debug;
		};
		C01FCF5008A954540054247B /* Release */ = {
			isa = XCBuildConfiguration;
			buildSettings = {
				ARCHS = "$(ARCHS_STANDARD_32_BIT)";
				"CODE_SIGN_IDENTITY[sdk=iphoneos*]" = "iPhone Developer";
				GCC_C_LANGUAGE_STANDARD = c99;
				GCC_WARN_ABOUT_RETURN_TYPE = YES;
				GCC_WARN_UNUSED_VARIABLE = YES;
				PREBINDING = NO;
				SDKROOT = iphoneos;
			};
			name = Release;
		};
/* End XCBuildConfiguration section */

/* Begin XCConfigurationList section */
		1D6058960D05DD3E006BFB54 /* Build configuration list for PBXNativeTarget "Engine2D" */ = {
			isa = XCConfigurationList;
			buildConfigurations = (
				1D6058940D05DD3E006BFB54 /* Debug */,
				1D6058950D05DD3E006BFB54 /* Release */,
				AC333B8812E7701000EFF647 /* Distribution */,
			);
			defaultConfigurationIsVisible = 0;
			defaultConfigurationName = Release;
		};
		C01FCF4E08A954540054247B /* Build configuration list for PBXProject "Engine2D" */ = {
			isa = XCConfigurationList;
			buildConfigurations = (
				C01FCF4F08A954540054247B /* Debug */,
				C01FCF5008A954540054247B /* Release */,
				AC333B8712E7701000EFF647 /* Distribution */,
			);
			defaultConfigurationIsVisible = 0;
			defaultConfigurationName = Release;
		};
/* End XCConfigurationList section */
	};
	rootObject = 29B97313FDCFA39411CA2CEA /* Project object */;
}
